// !$*UTF8*$!
{
	archiveVersion = 1;
	classes = {
	};
	objectVersion = 55;
	objects = {

/* Begin PBXBuildFile section */
		AF086DEC28EA15FA005657B4 /* EssentialFeed.docc in Sources */ = {isa = PBXBuildFile; fileRef = AF086DEB28EA15FA005657B4 /* EssentialFeed.docc */; };
		AF086DF228EA15FA005657B4 /* EssentialFeed.framework in Frameworks */ = {isa = PBXBuildFile; fileRef = AF086DE728EA15FA005657B4 /* EssentialFeed.framework */; };
		AF086DF828EA15FA005657B4 /* EssentialFeed.h in Headers */ = {isa = PBXBuildFile; fileRef = AF086DEA28EA15FA005657B4 /* EssentialFeed.h */; settings = {ATTRIBUTES = (Public, ); }; };
		AF086E2528EA16BF005657B4 /* FeedItem.swift in Sources */ = {isa = PBXBuildFile; fileRef = AF086E2428EA16BF005657B4 /* FeedItem.swift */; };
		AF086E2728EA1731005657B4 /* FeedLoader.swift in Sources */ = {isa = PBXBuildFile; fileRef = AF086E2628EA1731005657B4 /* FeedLoader.swift */; };
		AF086E2B28EB56F9005657B4 /* RemoteFeedLoader.swift in Sources */ = {isa = PBXBuildFile; fileRef = AF086E2A28EB56F9005657B4 /* RemoteFeedLoader.swift */; };
		AF086E2D28EB57CB005657B4 /* RemoteFeedLoaderTests.swift in Sources */ = {isa = PBXBuildFile; fileRef = AF086E2C28EB57CB005657B4 /* RemoteFeedLoaderTests.swift */; };
		AF2D328428EF78EB0006DB56 /* HTTPClient.swift in Sources */ = {isa = PBXBuildFile; fileRef = AF2D328328EF78EB0006DB56 /* HTTPClient.swift */; };
		AF2D328628EF79790006DB56 /* FeedItemsMapper.swift in Sources */ = {isa = PBXBuildFile; fileRef = AF2D328528EF79790006DB56 /* FeedItemsMapper.swift */; };
		AF2D328928F8294E0006DB56 /* URLSessionHTTPClientTests.swift in Sources */ = {isa = PBXBuildFile; fileRef = AF2D328828F8294E0006DB56 /* URLSessionHTTPClientTests.swift */; };
		AF2D328C28F8A93A0006DB56 /* XCTestCase+MemoryLeakTracking.swift in Sources */ = {isa = PBXBuildFile; fileRef = AF2D328B28F8A93A0006DB56 /* XCTestCase+MemoryLeakTracking.swift */; };
		AF42E64128FFAB7300D24498 /* FeedStoreTestsHelper.swift in Sources */ = {isa = PBXBuildFile; fileRef = AF42E64028FFAB7300D24498 /* FeedStoreTestsHelper.swift */; };
		AF42E64328FFAB9C00D24498 /* SharedTestsHelper.swift in Sources */ = {isa = PBXBuildFile; fileRef = AF42E64228FFAB9C00D24498 /* SharedTestsHelper.swift */; };
		AFD1C47928FD714B000B4D63 /* LoadFeedFromCacheUseCaseTests.swift in Sources */ = {isa = PBXBuildFile; fileRef = AFD1C47828FD714B000B4D63 /* LoadFeedFromCacheUseCaseTests.swift */; };
		AFD1C47B28FD767D000B4D63 /* FeedStoreSpy.swift in Sources */ = {isa = PBXBuildFile; fileRef = AFD1C47A28FD767D000B4D63 /* FeedStoreSpy.swift */; };
		AFE0C9C028FAB79E0040FB3F /* EssentialFeedEndToEndTests.swift in Sources */ = {isa = PBXBuildFile; fileRef = AFE0C9BF28FAB79E0040FB3F /* EssentialFeedEndToEndTests.swift */; };
		AFE0C9C128FAB79E0040FB3F /* EssentialFeed.framework in Frameworks */ = {isa = PBXBuildFile; fileRef = AF086DE728EA15FA005657B4 /* EssentialFeed.framework */; };
		AFE0C9C728FABBCA0040FB3F /* XCTestCase+MemoryLeakTracking.swift in Sources */ = {isa = PBXBuildFile; fileRef = AF2D328B28F8A93A0006DB56 /* XCTestCase+MemoryLeakTracking.swift */; };
		AFE0C9CC28FC14710040FB3F /* CacheFeedUseCaseTests.swift in Sources */ = {isa = PBXBuildFile; fileRef = AFE0C9CB28FC14710040FB3F /* CacheFeedUseCaseTests.swift */; };
		AFE0C9CF28FC594B0040FB3F /* LocalFeedLoader.swift in Sources */ = {isa = PBXBuildFile; fileRef = AFE0C9CE28FC594B0040FB3F /* LocalFeedLoader.swift */; };
		AFE0C9D128FC59840040FB3F /* FeedStore.swift in Sources */ = {isa = PBXBuildFile; fileRef = AFE0C9D028FC59840040FB3F /* FeedStore.swift */; };
		AFE0C9D328FC66C20040FB3F /* LocalFeedImage.swift in Sources */ = {isa = PBXBuildFile; fileRef = AFE0C9D228FC66C20040FB3F /* LocalFeedImage.swift */; };
		AFEA719328F8D20900ECE13B /* URLSessionHTTPClient.swift in Sources */ = {isa = PBXBuildFile; fileRef = AFEA719228F8D20900ECE13B /* URLSessionHTTPClient.swift */; };
/* End PBXBuildFile section */

/* Begin PBXContainerItemProxy section */
		AF086DF328EA15FA005657B4 /* PBXContainerItemProxy */ = {
			isa = PBXContainerItemProxy;
			containerPortal = AF086DDE28EA15FA005657B4 /* Project object */;
			proxyType = 1;
			remoteGlobalIDString = AF086DE628EA15FA005657B4;
			remoteInfo = EssentialFeed;
		};
		AFE0C9C228FAB79E0040FB3F /* PBXContainerItemProxy */ = {
			isa = PBXContainerItemProxy;
			containerPortal = AF086DDE28EA15FA005657B4 /* Project object */;
			proxyType = 1;
			remoteGlobalIDString = AF086DE628EA15FA005657B4;
			remoteInfo = EssentialFeed;
		};
/* End PBXContainerItemProxy section */

/* Begin PBXFileReference section */
		AF086DE728EA15FA005657B4 /* EssentialFeed.framework */ = {isa = PBXFileReference; explicitFileType = wrapper.framework; includeInIndex = 0; path = EssentialFeed.framework; sourceTree = BUILT_PRODUCTS_DIR; };
		AF086DEA28EA15FA005657B4 /* EssentialFeed.h */ = {isa = PBXFileReference; lastKnownFileType = sourcecode.c.h; path = EssentialFeed.h; sourceTree = "<group>"; };
		AF086DEB28EA15FA005657B4 /* EssentialFeed.docc */ = {isa = PBXFileReference; lastKnownFileType = folder.documentationcatalog; path = EssentialFeed.docc; sourceTree = "<group>"; };
		AF086DF128EA15FA005657B4 /* EssentialFeedTests.xctest */ = {isa = PBXFileReference; explicitFileType = wrapper.cfbundle; includeInIndex = 0; path = EssentialFeedTests.xctest; sourceTree = BUILT_PRODUCTS_DIR; };
		AF086E2428EA16BF005657B4 /* FeedItem.swift */ = {isa = PBXFileReference; lastKnownFileType = sourcecode.swift; path = FeedItem.swift; sourceTree = "<group>"; };
		AF086E2628EA1731005657B4 /* FeedLoader.swift */ = {isa = PBXFileReference; lastKnownFileType = sourcecode.swift; path = FeedLoader.swift; sourceTree = "<group>"; };
		AF086E2A28EB56F9005657B4 /* RemoteFeedLoader.swift */ = {isa = PBXFileReference; lastKnownFileType = sourcecode.swift; path = RemoteFeedLoader.swift; sourceTree = "<group>"; };
		AF086E2C28EB57CB005657B4 /* RemoteFeedLoaderTests.swift */ = {isa = PBXFileReference; lastKnownFileType = sourcecode.swift; path = RemoteFeedLoaderTests.swift; sourceTree = "<group>"; };
		AF2D328328EF78EB0006DB56 /* HTTPClient.swift */ = {isa = PBXFileReference; lastKnownFileType = sourcecode.swift; path = HTTPClient.swift; sourceTree = "<group>"; };
		AF2D328528EF79790006DB56 /* FeedItemsMapper.swift */ = {isa = PBXFileReference; lastKnownFileType = sourcecode.swift; path = FeedItemsMapper.swift; sourceTree = "<group>"; };
		AF2D328828F8294E0006DB56 /* URLSessionHTTPClientTests.swift */ = {isa = PBXFileReference; lastKnownFileType = sourcecode.swift; path = URLSessionHTTPClientTests.swift; sourceTree = "<group>"; };
		AF2D328B28F8A93A0006DB56 /* XCTestCase+MemoryLeakTracking.swift */ = {isa = PBXFileReference; lastKnownFileType = sourcecode.swift; path = "XCTestCase+MemoryLeakTracking.swift"; sourceTree = "<group>"; };
		AF42E64028FFAB7300D24498 /* FeedStoreTestsHelper.swift */ = {isa = PBXFileReference; lastKnownFileType = sourcecode.swift; path = FeedStoreTestsHelper.swift; sourceTree = "<group>"; };
		AF42E64228FFAB9C00D24498 /* SharedTestsHelper.swift */ = {isa = PBXFileReference; lastKnownFileType = sourcecode.swift; path = SharedTestsHelper.swift; sourceTree = "<group>"; };
		AFD1C47828FD714B000B4D63 /* LoadFeedFromCacheUseCaseTests.swift */ = {isa = PBXFileReference; lastKnownFileType = sourcecode.swift; path = LoadFeedFromCacheUseCaseTests.swift; sourceTree = "<group>"; };
		AFD1C47A28FD767D000B4D63 /* FeedStoreSpy.swift */ = {isa = PBXFileReference; lastKnownFileType = sourcecode.swift; path = FeedStoreSpy.swift; sourceTree = "<group>"; };
		AFE0C9BD28FAB79E0040FB3F /* EssentialFeedEndToEndTests.xctest */ = {isa = PBXFileReference; explicitFileType = wrapper.cfbundle; includeInIndex = 0; path = EssentialFeedEndToEndTests.xctest; sourceTree = BUILT_PRODUCTS_DIR; };
		AFE0C9BF28FAB79E0040FB3F /* EssentialFeedEndToEndTests.swift */ = {isa = PBXFileReference; lastKnownFileType = sourcecode.swift; path = EssentialFeedEndToEndTests.swift; sourceTree = "<group>"; };
		AFE0C9CB28FC14710040FB3F /* CacheFeedUseCaseTests.swift */ = {isa = PBXFileReference; lastKnownFileType = sourcecode.swift; path = CacheFeedUseCaseTests.swift; sourceTree = "<group>"; };
		AFE0C9CE28FC594B0040FB3F /* LocalFeedLoader.swift */ = {isa = PBXFileReference; lastKnownFileType = sourcecode.swift; path = LocalFeedLoader.swift; sourceTree = "<group>"; };
		AFE0C9D028FC59840040FB3F /* FeedStore.swift */ = {isa = PBXFileReference; lastKnownFileType = sourcecode.swift; path = FeedStore.swift; sourceTree = "<group>"; };
		AFE0C9D228FC66C20040FB3F /* LocalFeedImage.swift */ = {isa = PBXFileReference; lastKnownFileType = sourcecode.swift; path = LocalFeedImage.swift; sourceTree = "<group>"; };
		AFEA719228F8D20900ECE13B /* URLSessionHTTPClient.swift */ = {isa = PBXFileReference; lastKnownFileType = sourcecode.swift; path = URLSessionHTTPClient.swift; sourceTree = "<group>"; };
/* End PBXFileReference section */

/* Begin PBXFrameworksBuildPhase section */
		AF086DE428EA15FA005657B4 /* Frameworks */ = {
			isa = PBXFrameworksBuildPhase;
			buildActionMask = 2147483647;
			files = (
			);
			runOnlyForDeploymentPostprocessing = 0;
		};
		AF086DEE28EA15FA005657B4 /* Frameworks */ = {
			isa = PBXFrameworksBuildPhase;
			buildActionMask = 2147483647;
			files = (
				AF086DF228EA15FA005657B4 /* EssentialFeed.framework in Frameworks */,
			);
			runOnlyForDeploymentPostprocessing = 0;
		};
		AFE0C9BA28FAB79E0040FB3F /* Frameworks */ = {
			isa = PBXFrameworksBuildPhase;
			buildActionMask = 2147483647;
			files = (
				AFE0C9C128FAB79E0040FB3F /* EssentialFeed.framework in Frameworks */,
			);
			runOnlyForDeploymentPostprocessing = 0;
		};
/* End PBXFrameworksBuildPhase section */

/* Begin PBXGroup section */
		AF086DDD28EA15FA005657B4 = {
			isa = PBXGroup;
			children = (
				AF086DE928EA15FA005657B4 /* EssentialFeed */,
				AF086DF528EA15FA005657B4 /* EssentialFeedTests */,
				AFE0C9BE28FAB79E0040FB3F /* EssentialFeedEndToEndTests */,
				AF086DE828EA15FA005657B4 /* Products */,
			);
			sourceTree = "<group>";
		};
		AF086DE828EA15FA005657B4 /* Products */ = {
			isa = PBXGroup;
			children = (
				AF086DE728EA15FA005657B4 /* EssentialFeed.framework */,
				AF086DF128EA15FA005657B4 /* EssentialFeedTests.xctest */,
				AFE0C9BD28FAB79E0040FB3F /* EssentialFeedEndToEndTests.xctest */,
			);
			name = Products;
			sourceTree = "<group>";
		};
		AF086DE928EA15FA005657B4 /* EssentialFeed */ = {
			isa = PBXGroup;
			children = (
				AFE0C9CD28FC593F0040FB3F /* Feed Cache */,
				AF086E2E28EB5BE0005657B4 /* Feed API */,
				AF086E2328EA16B0005657B4 /* FeedFeature */,
				AF086DEA28EA15FA005657B4 /* EssentialFeed.h */,
				AF086DEB28EA15FA005657B4 /* EssentialFeed.docc */,
			);
			path = EssentialFeed;
			sourceTree = "<group>";
		};
		AF086DF528EA15FA005657B4 /* EssentialFeedTests */ = {
			isa = PBXGroup;
			children = (
				AF2D328A28F8A9000006DB56 /* Helpers */,
				AFE0C9CA28FC14600040FB3F /* Feed Store */,
				AF2D328728EF814D0006DB56 /* Feed API */,
			);
			path = EssentialFeedTests;
			sourceTree = "<group>";
		};
		AF086E2328EA16B0005657B4 /* FeedFeature */ = {
			isa = PBXGroup;
			children = (
				AF086E2428EA16BF005657B4 /* FeedItem.swift */,
				AF086E2628EA1731005657B4 /* FeedLoader.swift */,
			);
			path = FeedFeature;
			sourceTree = "<group>";
		};
		AF086E2E28EB5BE0005657B4 /* Feed API */ = {
			isa = PBXGroup;
			children = (
				AF2D328328EF78EB0006DB56 /* HTTPClient.swift */,
				AF086E2A28EB56F9005657B4 /* RemoteFeedLoader.swift */,
				AF2D328528EF79790006DB56 /* FeedItemsMapper.swift */,
				AFEA719228F8D20900ECE13B /* URLSessionHTTPClient.swift */,
			);
			path = "Feed API";
			sourceTree = "<group>";
		};
		AF2D328728EF814D0006DB56 /* Feed API */ = {
			isa = PBXGroup;
			children = (
				AF086E2C28EB57CB005657B4 /* RemoteFeedLoaderTests.swift */,
				AF2D328828F8294E0006DB56 /* URLSessionHTTPClientTests.swift */,
			);
			path = "Feed API";
			sourceTree = "<group>";
		};
		AF2D328A28F8A9000006DB56 /* Helpers */ = {
			isa = PBXGroup;
			children = (
				AF2D328B28F8A93A0006DB56 /* XCTestCase+MemoryLeakTracking.swift */,
				AF42E64228FFAB9C00D24498 /* SharedTestsHelper.swift */,
			);
			path = Helpers;
			sourceTree = "<group>";
		};
		AF42E64428FFAC8600D24498 /* Helpers */ = {
			isa = PBXGroup;
			children = (
				AF42E64028FFAB7300D24498 /* FeedStoreTestsHelper.swift */,
			);
			path = Helpers;
			sourceTree = "<group>";
		};
		AFE0C9BE28FAB79E0040FB3F /* EssentialFeedEndToEndTests */ = {
			isa = PBXGroup;
			children = (
				AFE0C9BF28FAB79E0040FB3F /* EssentialFeedEndToEndTests.swift */,
			);
			path = EssentialFeedEndToEndTests;
			sourceTree = "<group>";
		};
		AFE0C9CA28FC14600040FB3F /* Feed Store */ = {
			isa = PBXGroup;
			children = (
				AF42E64428FFAC8600D24498 /* Helpers */,
				AFE0C9CB28FC14710040FB3F /* CacheFeedUseCaseTests.swift */,
				AFD1C47828FD714B000B4D63 /* LoadFeedFromCacheUseCaseTests.swift */,
				AFD1C47A28FD767D000B4D63 /* FeedStoreSpy.swift */,
			);
			path = "Feed Store";
			sourceTree = "<group>";
		};
		AFE0C9CD28FC593F0040FB3F /* Feed Cache */ = {
			isa = PBXGroup;
			children = (
				AFE0C9CE28FC594B0040FB3F /* LocalFeedLoader.swift */,
				AFE0C9D028FC59840040FB3F /* FeedStore.swift */,
				AFE0C9D228FC66C20040FB3F /* LocalFeedImage.swift */,
			);
			path = "Feed Cache";
			sourceTree = "<group>";
		};
/* End PBXGroup section */

/* Begin PBXHeadersBuildPhase section */
		AF086DE228EA15FA005657B4 /* Headers */ = {
			isa = PBXHeadersBuildPhase;
			buildActionMask = 2147483647;
			files = (
				AF086DF828EA15FA005657B4 /* EssentialFeed.h in Headers */,
			);
			runOnlyForDeploymentPostprocessing = 0;
		};
/* End PBXHeadersBuildPhase section */

/* Begin PBXNativeTarget section */
		AF086DE628EA15FA005657B4 /* EssentialFeed */ = {
			isa = PBXNativeTarget;
			buildConfigurationList = AF086DFB28EA15FA005657B4 /* Build configuration list for PBXNativeTarget "EssentialFeed" */;
			buildPhases = (
				AF086DE228EA15FA005657B4 /* Headers */,
				AF086DE328EA15FA005657B4 /* Sources */,
				AF086DE428EA15FA005657B4 /* Frameworks */,
				AF086DE528EA15FA005657B4 /* Resources */,
			);
			buildRules = (
			);
			dependencies = (
			);
			name = EssentialFeed;
			productName = EssentialFeed;
			productReference = AF086DE728EA15FA005657B4 /* EssentialFeed.framework */;
			productType = "com.apple.product-type.framework";
		};
		AF086DF028EA15FA005657B4 /* EssentialFeedTests */ = {
			isa = PBXNativeTarget;
			buildConfigurationList = AF086DFE28EA15FA005657B4 /* Build configuration list for PBXNativeTarget "EssentialFeedTests" */;
			buildPhases = (
				AF086DED28EA15FA005657B4 /* Sources */,
				AF086DEE28EA15FA005657B4 /* Frameworks */,
				AF086DEF28EA15FA005657B4 /* Resources */,
			);
			buildRules = (
			);
			dependencies = (
				AF086DF428EA15FA005657B4 /* PBXTargetDependency */,
			);
			name = EssentialFeedTests;
			productName = EssentialFeedTests;
			productReference = AF086DF128EA15FA005657B4 /* EssentialFeedTests.xctest */;
			productType = "com.apple.product-type.bundle.unit-test";
		};
		AFE0C9BC28FAB79E0040FB3F /* EssentialFeedEndToEndTests */ = {
			isa = PBXNativeTarget;
			buildConfigurationList = AFE0C9C628FAB79E0040FB3F /* Build configuration list for PBXNativeTarget "EssentialFeedEndToEndTests" */;
			buildPhases = (
				AFE0C9B928FAB79E0040FB3F /* Sources */,
				AFE0C9BA28FAB79E0040FB3F /* Frameworks */,
				AFE0C9BB28FAB79E0040FB3F /* Resources */,
			);
			buildRules = (
			);
			dependencies = (
				AFE0C9C328FAB79E0040FB3F /* PBXTargetDependency */,
			);
			name = EssentialFeedEndToEndTests;
			productName = EssentialFeedEndToEndTests;
			productReference = AFE0C9BD28FAB79E0040FB3F /* EssentialFeedEndToEndTests.xctest */;
			productType = "com.apple.product-type.bundle.unit-test";
		};
/* End PBXNativeTarget section */

/* Begin PBXProject section */
		AF086DDE28EA15FA005657B4 /* Project object */ = {
			isa = PBXProject;
			attributes = {
				BuildIndependentTargetsInParallel = 1;
				LastSwiftUpdateCheck = 1340;
				LastUpgradeCheck = 1340;
				TargetAttributes = {
					AF086DE628EA15FA005657B4 = {
						CreatedOnToolsVersion = 13.4.1;
					};
					AF086DF028EA15FA005657B4 = {
						CreatedOnToolsVersion = 13.4.1;
					};
					AFE0C9BC28FAB79E0040FB3F = {
						CreatedOnToolsVersion = 13.4.1;
					};
				};
			};
			buildConfigurationList = AF086DE128EA15FA005657B4 /* Build configuration list for PBXProject "EssentialFeed" */;
			compatibilityVersion = "Xcode 13.0";
			developmentRegion = en;
			hasScannedForEncodings = 0;
			knownRegions = (
				en,
				Base,
			);
			mainGroup = AF086DDD28EA15FA005657B4;
			productRefGroup = AF086DE828EA15FA005657B4 /* Products */;
			projectDirPath = "";
			projectRoot = "";
			targets = (
				AF086DE628EA15FA005657B4 /* EssentialFeed */,
				AF086DF028EA15FA005657B4 /* EssentialFeedTests */,
				AFE0C9BC28FAB79E0040FB3F /* EssentialFeedEndToEndTests */,
			);
		};
/* End PBXProject section */

/* Begin PBXResourcesBuildPhase section */
		AF086DE528EA15FA005657B4 /* Resources */ = {
			isa = PBXResourcesBuildPhase;
			buildActionMask = 2147483647;
			files = (
			);
			runOnlyForDeploymentPostprocessing = 0;
		};
		AF086DEF28EA15FA005657B4 /* Resources */ = {
			isa = PBXResourcesBuildPhase;
			buildActionMask = 2147483647;
			files = (
			);
			runOnlyForDeploymentPostprocessing = 0;
		};
		AFE0C9BB28FAB79E0040FB3F /* Resources */ = {
			isa = PBXResourcesBuildPhase;
			buildActionMask = 2147483647;
			files = (
			);
			runOnlyForDeploymentPostprocessing = 0;
		};
/* End PBXResourcesBuildPhase section */

/* Begin PBXSourcesBuildPhase section */
		AF086DE328EA15FA005657B4 /* Sources */ = {
			isa = PBXSourcesBuildPhase;
			buildActionMask = 2147483647;
			files = (
				AFE0C9D128FC59840040FB3F /* FeedStore.swift in Sources */,
				AFEA719328F8D20900ECE13B /* URLSessionHTTPClient.swift in Sources */,
				AF086E2B28EB56F9005657B4 /* RemoteFeedLoader.swift in Sources */,
				AFE0C9D328FC66C20040FB3F /* LocalFeedImage.swift in Sources */,
				AF2D328428EF78EB0006DB56 /* HTTPClient.swift in Sources */,
				AF086E2728EA1731005657B4 /* FeedLoader.swift in Sources */,
				AF2D328628EF79790006DB56 /* FeedItemsMapper.swift in Sources */,
				AF086E2528EA16BF005657B4 /* FeedItem.swift in Sources */,
				AFE0C9CF28FC594B0040FB3F /* LocalFeedLoader.swift in Sources */,
				AF086DEC28EA15FA005657B4 /* EssentialFeed.docc in Sources */,
			);
			runOnlyForDeploymentPostprocessing = 0;
		};
		AF086DED28EA15FA005657B4 /* Sources */ = {
			isa = PBXSourcesBuildPhase;
			buildActionMask = 2147483647;
			files = (
				AF086E2D28EB57CB005657B4 /* RemoteFeedLoaderTests.swift in Sources */,
				AFD1C47928FD714B000B4D63 /* LoadFeedFromCacheUseCaseTests.swift in Sources */,
				AF42E64128FFAB7300D24498 /* FeedStoreTestsHelper.swift in Sources */,
				AFD1C47B28FD767D000B4D63 /* FeedStoreSpy.swift in Sources */,
				AF42E64328FFAB9C00D24498 /* SharedTestsHelper.swift in Sources */,
				AF2D328928F8294E0006DB56 /* URLSessionHTTPClientTests.swift in Sources */,
				AF2D328C28F8A93A0006DB56 /* XCTestCase+MemoryLeakTracking.swift in Sources */,
				AFE0C9CC28FC14710040FB3F /* CacheFeedUseCaseTests.swift in Sources */,
			);
			runOnlyForDeploymentPostprocessing = 0;
		};
		AFE0C9B928FAB79E0040FB3F /* Sources */ = {
			isa = PBXSourcesBuildPhase;
			buildActionMask = 2147483647;
			files = (
				AFE0C9C028FAB79E0040FB3F /* EssentialFeedEndToEndTests.swift in Sources */,
				AFE0C9C728FABBCA0040FB3F /* XCTestCase+MemoryLeakTracking.swift in Sources */,
			);
			runOnlyForDeploymentPostprocessing = 0;
		};
/* End PBXSourcesBuildPhase section */

/* Begin PBXTargetDependency section */
		AF086DF428EA15FA005657B4 /* PBXTargetDependency */ = {
			isa = PBXTargetDependency;
			target = AF086DE628EA15FA005657B4 /* EssentialFeed */;
			targetProxy = AF086DF328EA15FA005657B4 /* PBXContainerItemProxy */;
		};
		AFE0C9C328FAB79E0040FB3F /* PBXTargetDependency */ = {
			isa = PBXTargetDependency;
			target = AF086DE628EA15FA005657B4 /* EssentialFeed */;
			targetProxy = AFE0C9C228FAB79E0040FB3F /* PBXContainerItemProxy */;
		};
/* End PBXTargetDependency section */

/* Begin XCBuildConfiguration section */
		AF086DF928EA15FA005657B4 /* Debug */ = {
			isa = XCBuildConfiguration;
			buildSettings = {
				ALWAYS_SEARCH_USER_PATHS = NO;
				CLANG_ANALYZER_NONNULL = YES;
				CLANG_ANALYZER_NUMBER_OBJECT_CONVERSION = YES_AGGRESSIVE;
				CLANG_CXX_LANGUAGE_STANDARD = "gnu++17";
				CLANG_ENABLE_MODULES = YES;
				CLANG_ENABLE_OBJC_ARC = YES;
				CLANG_ENABLE_OBJC_WEAK = YES;
				CLANG_WARN_BLOCK_CAPTURE_AUTORELEASING = YES;
				CLANG_WARN_BOOL_CONVERSION = YES;
				CLANG_WARN_COMMA = YES;
				CLANG_WARN_CONSTANT_CONVERSION = YES;
				CLANG_WARN_DEPRECATED_OBJC_IMPLEMENTATIONS = YES;
				CLANG_WARN_DIRECT_OBJC_ISA_USAGE = YES_ERROR;
				CLANG_WARN_DOCUMENTATION_COMMENTS = YES;
				CLANG_WARN_EMPTY_BODY = YES;
				CLANG_WARN_ENUM_CONVERSION = YES;
				CLANG_WARN_INFINITE_RECURSION = YES;
				CLANG_WARN_INT_CONVERSION = YES;
				CLANG_WARN_NON_LITERAL_NULL_CONVERSION = YES;
				CLANG_WARN_OBJC_IMPLICIT_RETAIN_SELF = YES;
				CLANG_WARN_OBJC_LITERAL_CONVERSION = YES;
				CLANG_WARN_OBJC_ROOT_CLASS = YES_ERROR;
				CLANG_WARN_QUOTED_INCLUDE_IN_FRAMEWORK_HEADER = YES;
				CLANG_WARN_RANGE_LOOP_ANALYSIS = YES;
				CLANG_WARN_STRICT_PROTOTYPES = YES;
				CLANG_WARN_SUSPICIOUS_MOVE = YES;
				CLANG_WARN_UNGUARDED_AVAILABILITY = YES_AGGRESSIVE;
				CLANG_WARN_UNREACHABLE_CODE = YES;
				CLANG_WARN__DUPLICATE_METHOD_MATCH = YES;
				COPY_PHASE_STRIP = NO;
				CURRENT_PROJECT_VERSION = 1;
				DEBUG_INFORMATION_FORMAT = dwarf;
				ENABLE_STRICT_OBJC_MSGSEND = YES;
				ENABLE_TESTABILITY = YES;
				GCC_C_LANGUAGE_STANDARD = gnu11;
				GCC_DYNAMIC_NO_PIC = NO;
				GCC_NO_COMMON_BLOCKS = YES;
				GCC_OPTIMIZATION_LEVEL = 0;
				GCC_PREPROCESSOR_DEFINITIONS = (
					"DEBUG=1",
					"$(inherited)",
				);
				GCC_WARN_64_TO_32_BIT_CONVERSION = YES;
				GCC_WARN_ABOUT_RETURN_TYPE = YES_ERROR;
				GCC_WARN_UNDECLARED_SELECTOR = YES;
				GCC_WARN_UNINITIALIZED_AUTOS = YES_AGGRESSIVE;
				GCC_WARN_UNUSED_FUNCTION = YES;
				GCC_WARN_UNUSED_VARIABLE = YES;
				MACOSX_DEPLOYMENT_TARGET = 11.5;
				MTL_ENABLE_DEBUG_INFO = INCLUDE_SOURCE;
				MTL_FAST_MATH = YES;
				ONLY_ACTIVE_ARCH = YES;
				SDKROOT = macosx;
				SWIFT_ACTIVE_COMPILATION_CONDITIONS = DEBUG;
				SWIFT_OPTIMIZATION_LEVEL = "-Onone";
				VERSIONING_SYSTEM = "apple-generic";
				VERSION_INFO_PREFIX = "";
			};
			name = Debug;
		};
		AF086DFA28EA15FA005657B4 /* Release */ = {
			isa = XCBuildConfiguration;
			buildSettings = {
				ALWAYS_SEARCH_USER_PATHS = NO;
				CLANG_ANALYZER_NONNULL = YES;
				CLANG_ANALYZER_NUMBER_OBJECT_CONVERSION = YES_AGGRESSIVE;
				CLANG_CXX_LANGUAGE_STANDARD = "gnu++17";
				CLANG_ENABLE_MODULES = YES;
				CLANG_ENABLE_OBJC_ARC = YES;
				CLANG_ENABLE_OBJC_WEAK = YES;
				CLANG_WARN_BLOCK_CAPTURE_AUTORELEASING = YES;
				CLANG_WARN_BOOL_CONVERSION = YES;
				CLANG_WARN_COMMA = YES;
				CLANG_WARN_CONSTANT_CONVERSION = YES;
				CLANG_WARN_DEPRECATED_OBJC_IMPLEMENTATIONS = YES;
				CLANG_WARN_DIRECT_OBJC_ISA_USAGE = YES_ERROR;
				CLANG_WARN_DOCUMENTATION_COMMENTS = YES;
				CLANG_WARN_EMPTY_BODY = YES;
				CLANG_WARN_ENUM_CONVERSION = YES;
				CLANG_WARN_INFINITE_RECURSION = YES;
				CLANG_WARN_INT_CONVERSION = YES;
				CLANG_WARN_NON_LITERAL_NULL_CONVERSION = YES;
				CLANG_WARN_OBJC_IMPLICIT_RETAIN_SELF = YES;
				CLANG_WARN_OBJC_LITERAL_CONVERSION = YES;
				CLANG_WARN_OBJC_ROOT_CLASS = YES_ERROR;
				CLANG_WARN_QUOTED_INCLUDE_IN_FRAMEWORK_HEADER = YES;
				CLANG_WARN_RANGE_LOOP_ANALYSIS = YES;
				CLANG_WARN_STRICT_PROTOTYPES = YES;
				CLANG_WARN_SUSPICIOUS_MOVE = YES;
				CLANG_WARN_UNGUARDED_AVAILABILITY = YES_AGGRESSIVE;
				CLANG_WARN_UNREACHABLE_CODE = YES;
				CLANG_WARN__DUPLICATE_METHOD_MATCH = YES;
				COPY_PHASE_STRIP = NO;
				CURRENT_PROJECT_VERSION = 1;
				DEBUG_INFORMATION_FORMAT = "dwarf-with-dsym";
				ENABLE_NS_ASSERTIONS = NO;
				ENABLE_STRICT_OBJC_MSGSEND = YES;
				GCC_C_LANGUAGE_STANDARD = gnu11;
				GCC_NO_COMMON_BLOCKS = YES;
				GCC_WARN_64_TO_32_BIT_CONVERSION = YES;
				GCC_WARN_ABOUT_RETURN_TYPE = YES_ERROR;
				GCC_WARN_UNDECLARED_SELECTOR = YES;
				GCC_WARN_UNINITIALIZED_AUTOS = YES_AGGRESSIVE;
				GCC_WARN_UNUSED_FUNCTION = YES;
				GCC_WARN_UNUSED_VARIABLE = YES;
				MACOSX_DEPLOYMENT_TARGET = 11.5;
				MTL_ENABLE_DEBUG_INFO = NO;
				MTL_FAST_MATH = YES;
				SDKROOT = macosx;
				SWIFT_COMPILATION_MODE = wholemodule;
				SWIFT_OPTIMIZATION_LEVEL = "-O";
				VERSIONING_SYSTEM = "apple-generic";
				VERSION_INFO_PREFIX = "";
			};
			name = Release;
		};
		AF086DFC28EA15FA005657B4 /* Debug */ = {
			isa = XCBuildConfiguration;
			buildSettings = {
				CODE_SIGN_STYLE = Automatic;
				COMBINE_HIDPI_IMAGES = YES;
				CURRENT_PROJECT_VERSION = 1;
				DEFINES_MODULE = YES;
				DEVELOPMENT_TEAM = 4G28F4E9F6;
				DYLIB_COMPATIBILITY_VERSION = 1;
				DYLIB_CURRENT_VERSION = 1;
				DYLIB_INSTALL_NAME_BASE = "@rpath";
				GENERATE_INFOPLIST_FILE = YES;
				INFOPLIST_KEY_NSHumanReadableCopyright = "";
				INSTALL_PATH = "$(LOCAL_LIBRARY_DIR)/Frameworks";
				LD_RUNPATH_SEARCH_PATHS = (
					"$(inherited)",
					"@executable_path/../Frameworks",
					"@loader_path/Frameworks",
				);
				MACOSX_DEPLOYMENT_TARGET = 11.5;
				MARKETING_VERSION = 1.0;
				PRODUCT_BUNDLE_IDENTIFIER = ahmed.elgendy.EssentialFeed;
				PRODUCT_NAME = "$(TARGET_NAME:c99extidentifier)";
				SKIP_INSTALL = YES;
				SWIFT_EMIT_LOC_STRINGS = YES;
				SWIFT_VERSION = 5.0;
			};
			name = Debug;
		};
		AF086DFD28EA15FA005657B4 /* Release */ = {
			isa = XCBuildConfiguration;
			buildSettings = {
				CODE_SIGN_STYLE = Automatic;
				COMBINE_HIDPI_IMAGES = YES;
				CURRENT_PROJECT_VERSION = 1;
				DEFINES_MODULE = YES;
				DEVELOPMENT_TEAM = 4G28F4E9F6;
				DYLIB_COMPATIBILITY_VERSION = 1;
				DYLIB_CURRENT_VERSION = 1;
				DYLIB_INSTALL_NAME_BASE = "@rpath";
				GENERATE_INFOPLIST_FILE = YES;
				INFOPLIST_KEY_NSHumanReadableCopyright = "";
				INSTALL_PATH = "$(LOCAL_LIBRARY_DIR)/Frameworks";
				LD_RUNPATH_SEARCH_PATHS = (
					"$(inherited)",
					"@executable_path/../Frameworks",
					"@loader_path/Frameworks",
				);
				MACOSX_DEPLOYMENT_TARGET = 11.5;
				MARKETING_VERSION = 1.0;
				PRODUCT_BUNDLE_IDENTIFIER = ahmed.elgendy.EssentialFeed;
				PRODUCT_NAME = "$(TARGET_NAME:c99extidentifier)";
				SKIP_INSTALL = YES;
				SWIFT_EMIT_LOC_STRINGS = YES;
				SWIFT_VERSION = 5.0;
			};
			name = Release;
		};
		AF086DFF28EA15FA005657B4 /* Debug */ = {
			isa = XCBuildConfiguration;
			buildSettings = {
				ALWAYS_EMBED_SWIFT_STANDARD_LIBRARIES = YES;
				CODE_SIGN_STYLE = Automatic;
				CURRENT_PROJECT_VERSION = 1;
				DEVELOPMENT_TEAM = 4G28F4E9F6;
				GENERATE_INFOPLIST_FILE = YES;
				MARKETING_VERSION = 1.0;
				PRODUCT_BUNDLE_IDENTIFIER = ahmed.elgendy.EssentialFeedTests;
				PRODUCT_NAME = "$(TARGET_NAME)";
				SWIFT_EMIT_LOC_STRINGS = NO;
				SWIFT_VERSION = 5.0;
			};
			name = Debug;
		};
		AF086E0028EA15FA005657B4 /* Release */ = {
			isa = XCBuildConfiguration;
			buildSettings = {
				ALWAYS_EMBED_SWIFT_STANDARD_LIBRARIES = YES;
				CODE_SIGN_STYLE = Automatic;
				CURRENT_PROJECT_VERSION = 1;
				DEVELOPMENT_TEAM = 4G28F4E9F6;
				GENERATE_INFOPLIST_FILE = YES;
				MARKETING_VERSION = 1.0;
				PRODUCT_BUNDLE_IDENTIFIER = ahmed.elgendy.EssentialFeedTests;
				PRODUCT_NAME = "$(TARGET_NAME)";
				SWIFT_EMIT_LOC_STRINGS = NO;
				SWIFT_VERSION = 5.0;
			};
			name = Release;
		};
		AFE0C9C428FAB79E0040FB3F /* Debug */ = {
			isa = XCBuildConfiguration;
			buildSettings = {
				CODE_SIGN_STYLE = Automatic;
				CURRENT_PROJECT_VERSION = 1;
				DEVELOPMENT_TEAM = 4G28F4E9F6;
				GENERATE_INFOPLIST_FILE = YES;
				MARKETING_VERSION = 1.0;
				PRODUCT_BUNDLE_IDENTIFIER = ahmed.elgendy.EssentialFeedEndToEndTests;
				PRODUCT_NAME = "$(TARGET_NAME)";
				SWIFT_EMIT_LOC_STRINGS = NO;
				SWIFT_VERSION = 5.0;
			};
			name = Debug;
		};
		AFE0C9C528FAB79E0040FB3F /* Release */ = {
			isa = XCBuildConfiguration;
			buildSettings = {
				CODE_SIGN_STYLE = Automatic;
				CURRENT_PROJECT_VERSION = 1;
				DEVELOPMENT_TEAM = 4G28F4E9F6;
				GENERATE_INFOPLIST_FILE = YES;
				MARKETING_VERSION = 1.0;
				PRODUCT_BUNDLE_IDENTIFIER = ahmed.elgendy.EssentialFeedEndToEndTests;
				PRODUCT_NAME = "$(TARGET_NAME)";
				SWIFT_EMIT_LOC_STRINGS = NO;
				SWIFT_VERSION = 5.0;
			};
			name = Release;
		};
/* End XCBuildConfiguration section */

/* Begin XCConfigurationList section */
		AF086DE128EA15FA005657B4 /* Build configuration list for PBXProject "EssentialFeed" */ = {
			isa = XCConfigurationList;
			buildConfigurations = (
				AF086DF928EA15FA005657B4 /* Debug */,
				AF086DFA28EA15FA005657B4 /* Release */,
			);
			defaultConfigurationIsVisible = 0;
			defaultConfigurationName = Release;
		};
		AF086DFB28EA15FA005657B4 /* Build configuration list for PBXNativeTarget "EssentialFeed" */ = {
			isa = XCConfigurationList;
			buildConfigurations = (
				AF086DFC28EA15FA005657B4 /* Debug */,
				AF086DFD28EA15FA005657B4 /* Release */,
			);
			defaultConfigurationIsVisible = 0;
			defaultConfigurationName = Release;
		};
		AF086DFE28EA15FA005657B4 /* Build configuration list for PBXNativeTarget "EssentialFeedTests" */ = {
			isa = XCConfigurationList;
			buildConfigurations = (
				AF086DFF28EA15FA005657B4 /* Debug */,
				AF086E0028EA15FA005657B4 /* Release */,
			);
			defaultConfigurationIsVisible = 0;
			defaultConfigurationName = Release;
		};
		AFE0C9C628FAB79E0040FB3F /* Build configuration list for PBXNativeTarget "EssentialFeedEndToEndTests" */ = {
			isa = XCConfigurationList;
			buildConfigurations = (
				AFE0C9C428FAB79E0040FB3F /* Debug */,
				AFE0C9C528FAB79E0040FB3F /* Release */,
			);
			defaultConfigurationIsVisible = 0;
			defaultConfigurationName = Release;
		};
/* End XCConfigurationList section */
	};
	rootObject = AF086DDE28EA15FA005657B4 /* Project object */;
}
