// !$*UTF8*$!
{
	archiveVersion = 1;
	classes = {
	};
	objectVersion = 55;
	objects = {

/* Begin PBXBuildFile section */
		AF086DEC28EA15FA005657B4 /* EssentialFeed.docc in Sources */ = {isa = PBXBuildFile; fileRef = AF086DEB28EA15FA005657B4 /* EssentialFeed.docc */; };
		AF086DF228EA15FA005657B4 /* EssentialFeed.framework in Frameworks */ = {isa = PBXBuildFile; fileRef = AF086DE728EA15FA005657B4 /* EssentialFeed.framework */; };
		AF086DF828EA15FA005657B4 /* EssentialFeed.h in Headers */ = {isa = PBXBuildFile; fileRef = AF086DEA28EA15FA005657B4 /* EssentialFeed.h */; settings = {ATTRIBUTES = (Public, ); }; };
		AF086E2528EA16BF005657B4 /* FeedImage.swift in Sources */ = {isa = PBXBuildFile; fileRef = AF086E2428EA16BF005657B4 /* FeedImage.swift */; };
		AF086E2728EA1731005657B4 /* FeedLoader.swift in Sources */ = {isa = PBXBuildFile; fileRef = AF086E2628EA1731005657B4 /* FeedLoader.swift */; };
		AF086E2B28EB56F9005657B4 /* RemoteFeedLoader.swift in Sources */ = {isa = PBXBuildFile; fileRef = AF086E2A28EB56F9005657B4 /* RemoteFeedLoader.swift */; };
		AF086E2D28EB57CB005657B4 /* RemoteFeedLoaderTests.swift in Sources */ = {isa = PBXBuildFile; fileRef = AF086E2C28EB57CB005657B4 /* RemoteFeedLoaderTests.swift */; };
		AF18367C290402F4003D6B25 /* FeedStoreSpecs.swift in Sources */ = {isa = PBXBuildFile; fileRef = AF18367B290402F4003D6B25 /* FeedStoreSpecs.swift */; };
		AF18367F29040834003D6B25 /* XCTestCase+FeedStoreSpecs.swift in Sources */ = {isa = PBXBuildFile; fileRef = AF18367E29040834003D6B25 /* XCTestCase+FeedStoreSpecs.swift */; };
		AF18368129040C73003D6B25 /* XCTestCase+FailableRetrieveFeedStoreSpecs.swift in Sources */ = {isa = PBXBuildFile; fileRef = AF18368029040C73003D6B25 /* XCTestCase+FailableRetrieveFeedStoreSpecs.swift */; };
		AF18368329040E20003D6B25 /* XCTestCase+FailableInsertFeedStoreSpecs.swift in Sources */ = {isa = PBXBuildFile; fileRef = AF18368229040E20003D6B25 /* XCTestCase+FailableInsertFeedStoreSpecs.swift */; };
		AF18368529040F49003D6B25 /* XCTestCase+FailableDeleteFeedStoreSpecs.swift in Sources */ = {isa = PBXBuildFile; fileRef = AF18368429040F49003D6B25 /* XCTestCase+FailableDeleteFeedStoreSpecs.swift */; };
		AF18368729055228003D6B25 /* CoreDataFeedStoreTests.swift in Sources */ = {isa = PBXBuildFile; fileRef = AF18368629055228003D6B25 /* CoreDataFeedStoreTests.swift */; };
		AF18368A2905555C003D6B25 /* FeedStore.xcdatamodeld in Sources */ = {isa = PBXBuildFile; fileRef = AF1836882905555C003D6B25 /* FeedStore.xcdatamodeld */; };
		AF18368C29055AFF003D6B25 /* CoreDataFeedStore.swift in Sources */ = {isa = PBXBuildFile; fileRef = AF18368B29055AFF003D6B25 /* CoreDataFeedStore.swift */; };
		AF18369129058406003D6B25 /* CoreDataHelpers.swift in Sources */ = {isa = PBXBuildFile; fileRef = AF18369029058406003D6B25 /* CoreDataHelpers.swift */; };
		AF18369429058497003D6B25 /* ManagedCache.swift in Sources */ = {isa = PBXBuildFile; fileRef = AF18369329058497003D6B25 /* ManagedCache.swift */; };
		AF183696290584AD003D6B25 /* ManagedFeedImage.swift in Sources */ = {isa = PBXBuildFile; fileRef = AF183695290584AD003D6B25 /* ManagedFeedImage.swift */; };
		AF18369E2905861B003D6B25 /* EssentialFeedCacheIntegrationTests.swift in Sources */ = {isa = PBXBuildFile; fileRef = AF18369D2905861B003D6B25 /* EssentialFeedCacheIntegrationTests.swift */; };
		AF18369F2905861B003D6B25 /* EssentialFeed.framework in Frameworks */ = {isa = PBXBuildFile; fileRef = AF086DE728EA15FA005657B4 /* EssentialFeed.framework */; };
		AF2D328428EF78EB0006DB56 /* HTTPClient.swift in Sources */ = {isa = PBXBuildFile; fileRef = AF2D328328EF78EB0006DB56 /* HTTPClient.swift */; };
		AF2D328628EF79790006DB56 /* FeedItemsMapper.swift in Sources */ = {isa = PBXBuildFile; fileRef = AF2D328528EF79790006DB56 /* FeedItemsMapper.swift */; };
		AF2D328928F8294E0006DB56 /* URLSessionHTTPClientTests.swift in Sources */ = {isa = PBXBuildFile; fileRef = AF2D328828F8294E0006DB56 /* URLSessionHTTPClientTests.swift */; };
		AF2D328C28F8A93A0006DB56 /* XCTestCase+MemoryLeakTracking.swift in Sources */ = {isa = PBXBuildFile; fileRef = AF2D328B28F8A93A0006DB56 /* XCTestCase+MemoryLeakTracking.swift */; };
		AF42E64128FFAB7300D24498 /* FeedStoreTestsHelper.swift in Sources */ = {isa = PBXBuildFile; fileRef = AF42E64028FFAB7300D24498 /* FeedStoreTestsHelper.swift */; };
		AF42E64328FFAB9C00D24498 /* SharedTestsHelper.swift in Sources */ = {isa = PBXBuildFile; fileRef = AF42E64228FFAB9C00D24498 /* SharedTestsHelper.swift */; };
		AF42E64628FFACD400D24498 /* InvalidateCacheUseCaseTests.swift in Sources */ = {isa = PBXBuildFile; fileRef = AF42E64528FFACD400D24498 /* InvalidateCacheUseCaseTests.swift */; };
		AF42E6482900007900D24498 /* FeedCachPolicy.swift in Sources */ = {isa = PBXBuildFile; fileRef = AF42E6472900007900D24498 /* FeedCachPolicy.swift */; };
		AF42E64A2900062300D24498 /* CacheFeedUseCaseTests.swift in Sources */ = {isa = PBXBuildFile; fileRef = AF42E6492900062300D24498 /* CacheFeedUseCaseTests.swift */; };
		AF42E64C29001FBA00D24498 /* CodableFeedStoreTests.swift in Sources */ = {isa = PBXBuildFile; fileRef = AF42E64B29001FBA00D24498 /* CodableFeedStoreTests.swift */; };
		AF5612E7290226F80068A761 /* CodableFeedStore.swift in Sources */ = {isa = PBXBuildFile; fileRef = AF5612E6290226F80068A761 /* CodableFeedStore.swift */; };
		AFD1C47928FD714B000B4D63 /* LoadFeedFromCacheUseCaseTests.swift in Sources */ = {isa = PBXBuildFile; fileRef = AFD1C47828FD714B000B4D63 /* LoadFeedFromCacheUseCaseTests.swift */; };
		AFD1C47B28FD767D000B4D63 /* FeedStoreSpy.swift in Sources */ = {isa = PBXBuildFile; fileRef = AFD1C47A28FD767D000B4D63 /* FeedStoreSpy.swift */; };
		AFD26B47290D77F40091E9B3 /* EssentialFeediOS.framework in Frameworks */ = {isa = PBXBuildFile; fileRef = AFD26B3F290D77F30091E9B3 /* EssentialFeediOS.framework */; };
		AFD26B56290D82390091E9B3 /* FeedViewControllerTests.swift in Sources */ = {isa = PBXBuildFile; fileRef = AFD26B55290D82390091E9B3 /* FeedViewControllerTests.swift */; };
		AFD26B58290D85C50091E9B3 /* EssentialFeed.framework in Frameworks */ = {isa = PBXBuildFile; fileRef = AF086DE728EA15FA005657B4 /* EssentialFeed.framework */; };
		AFD26B59290D85C50091E9B3 /* EssentialFeed.framework in Embed Frameworks */ = {isa = PBXBuildFile; fileRef = AF086DE728EA15FA005657B4 /* EssentialFeed.framework */; settings = {ATTRIBUTES = (CodeSignOnCopy, RemoveHeadersOnCopy, ); }; };
		AFD26B5D290D895F0091E9B3 /* XCTestCase+MemoryLeakTracking.swift in Sources */ = {isa = PBXBuildFile; fileRef = AF2D328B28F8A93A0006DB56 /* XCTestCase+MemoryLeakTracking.swift */; };
		AFD26B5F290DC7BB0091E9B3 /* FeedViewController.swift in Sources */ = {isa = PBXBuildFile; fileRef = AFD26B5E290DC7BB0091E9B3 /* FeedViewController.swift */; };
		AFD26B62290E908B0091E9B3 /* SharedTestsHelper.swift in Sources */ = {isa = PBXBuildFile; fileRef = AF42E64228FFAB9C00D24498 /* SharedTestsHelper.swift */; };
		AFD26B64290E94510091E9B3 /* FeedImageCell.swift in Sources */ = {isa = PBXBuildFile; fileRef = AFD26B63290E94510091E9B3 /* FeedImageCell.swift */; };
		AFD26B66290ED3180091E9B3 /* UIView+Shimmering.swift in Sources */ = {isa = PBXBuildFile; fileRef = AFD26B65290ED3180091E9B3 /* UIView+Shimmering.swift */; };
		AFE0C9C028FAB79E0040FB3F /* EssentialFeedEndToEndTests.swift in Sources */ = {isa = PBXBuildFile; fileRef = AFE0C9BF28FAB79E0040FB3F /* EssentialFeedEndToEndTests.swift */; };
		AFE0C9C128FAB79E0040FB3F /* EssentialFeed.framework in Frameworks */ = {isa = PBXBuildFile; fileRef = AF086DE728EA15FA005657B4 /* EssentialFeed.framework */; };
		AFE0C9C728FABBCA0040FB3F /* XCTestCase+MemoryLeakTracking.swift in Sources */ = {isa = PBXBuildFile; fileRef = AF2D328B28F8A93A0006DB56 /* XCTestCase+MemoryLeakTracking.swift */; };
		AFE0C9CF28FC594B0040FB3F /* LocalFeedLoader.swift in Sources */ = {isa = PBXBuildFile; fileRef = AFE0C9CE28FC594B0040FB3F /* LocalFeedLoader.swift */; };
		AFE0C9D128FC59840040FB3F /* FeedStore.swift in Sources */ = {isa = PBXBuildFile; fileRef = AFE0C9D028FC59840040FB3F /* FeedStore.swift */; };
		AFE0C9D328FC66C20040FB3F /* LocalFeedImage.swift in Sources */ = {isa = PBXBuildFile; fileRef = AFE0C9D228FC66C20040FB3F /* LocalFeedImage.swift */; };
		AFE3C8D12912C98C00992A73 /* FeedImageViewPresenter.swift in Sources */ = {isa = PBXBuildFile; fileRef = AFE3C8D02912C98C00992A73 /* FeedImageViewPresenter.swift */; };
		AFE3C8D329140BA100992A73 /* FeedViewModel.swift in Sources */ = {isa = PBXBuildFile; fileRef = AFE3C8D229140BA100992A73 /* FeedViewModel.swift */; };
		AFE3C8D529140BBB00992A73 /* FeedLoadingViewModel.swift in Sources */ = {isa = PBXBuildFile; fileRef = AFE3C8D429140BBB00992A73 /* FeedLoadingViewModel.swift */; };
		AFEA719328F8D20900ECE13B /* URLSessionHTTPClient.swift in Sources */ = {isa = PBXBuildFile; fileRef = AFEA719228F8D20900ECE13B /* URLSessionHTTPClient.swift */; };
		AFFF60472910563C0038E241 /* FeedImageLoaderDataLoader.swift in Sources */ = {isa = PBXBuildFile; fileRef = AFFF60462910563C0038E241 /* FeedImageLoaderDataLoader.swift */; };
		AFFF6049291059F00038E241 /* FeedRefreshController.swift in Sources */ = {isa = PBXBuildFile; fileRef = AFFF6048291059F00038E241 /* FeedRefreshController.swift */; };
		AFFF604B291169DF0038E241 /* FeedImageCellController.swift in Sources */ = {isa = PBXBuildFile; fileRef = AFFF604A291169DF0038E241 /* FeedImageCellController.swift */; };
		AFFF604E291170220038E241 /* FeedUIComposer.swift in Sources */ = {isa = PBXBuildFile; fileRef = AFFF604D291170220038E241 /* FeedUIComposer.swift */; };
		AFFF6051291183320038E241 /* FeedPresenter.swift in Sources */ = {isa = PBXBuildFile; fileRef = AFFF6050291183320038E241 /* FeedPresenter.swift */; };
/* End PBXBuildFile section */

/* Begin PBXContainerItemProxy section */
		AF086DF328EA15FA005657B4 /* PBXContainerItemProxy */ = {
			isa = PBXContainerItemProxy;
			containerPortal = AF086DDE28EA15FA005657B4 /* Project object */;
			proxyType = 1;
			remoteGlobalIDString = AF086DE628EA15FA005657B4;
			remoteInfo = EssentialFeed;
		};
		AF1836A02905861B003D6B25 /* PBXContainerItemProxy */ = {
			isa = PBXContainerItemProxy;
			containerPortal = AF086DDE28EA15FA005657B4 /* Project object */;
			proxyType = 1;
			remoteGlobalIDString = AF086DE628EA15FA005657B4;
			remoteInfo = EssentialFeed;
		};
		AFD26B48290D77F40091E9B3 /* PBXContainerItemProxy */ = {
			isa = PBXContainerItemProxy;
			containerPortal = AF086DDE28EA15FA005657B4 /* Project object */;
			proxyType = 1;
			remoteGlobalIDString = AFD26B3E290D77F30091E9B3;
			remoteInfo = EssentialFeediOS;
		};
		AFD26B5A290D85C50091E9B3 /* PBXContainerItemProxy */ = {
			isa = PBXContainerItemProxy;
			containerPortal = AF086DDE28EA15FA005657B4 /* Project object */;
			proxyType = 1;
			remoteGlobalIDString = AF086DE628EA15FA005657B4;
			remoteInfo = EssentialFeed;
		};
		AFE0C9C228FAB79E0040FB3F /* PBXContainerItemProxy */ = {
			isa = PBXContainerItemProxy;
			containerPortal = AF086DDE28EA15FA005657B4 /* Project object */;
			proxyType = 1;
			remoteGlobalIDString = AF086DE628EA15FA005657B4;
			remoteInfo = EssentialFeed;
		};
/* End PBXContainerItemProxy section */

/* Begin PBXCopyFilesBuildPhase section */
		AFD26B5C290D85C50091E9B3 /* Embed Frameworks */ = {
			isa = PBXCopyFilesBuildPhase;
			buildActionMask = 2147483647;
			dstPath = "";
			dstSubfolderSpec = 10;
			files = (
				AFD26B59290D85C50091E9B3 /* EssentialFeed.framework in Embed Frameworks */,
			);
			name = "Embed Frameworks";
			runOnlyForDeploymentPostprocessing = 0;
		};
/* End PBXCopyFilesBuildPhase section */

/* Begin PBXFileReference section */
		AF086DE728EA15FA005657B4 /* EssentialFeed.framework */ = {isa = PBXFileReference; explicitFileType = wrapper.framework; includeInIndex = 0; path = EssentialFeed.framework; sourceTree = BUILT_PRODUCTS_DIR; };
		AF086DEA28EA15FA005657B4 /* EssentialFeed.h */ = {isa = PBXFileReference; lastKnownFileType = sourcecode.c.h; path = EssentialFeed.h; sourceTree = "<group>"; };
		AF086DEB28EA15FA005657B4 /* EssentialFeed.docc */ = {isa = PBXFileReference; lastKnownFileType = folder.documentationcatalog; path = EssentialFeed.docc; sourceTree = "<group>"; };
		AF086DF128EA15FA005657B4 /* EssentialFeedTests.xctest */ = {isa = PBXFileReference; explicitFileType = wrapper.cfbundle; includeInIndex = 0; path = EssentialFeedTests.xctest; sourceTree = BUILT_PRODUCTS_DIR; };
		AF086E2428EA16BF005657B4 /* FeedImage.swift */ = {isa = PBXFileReference; lastKnownFileType = sourcecode.swift; path = FeedImage.swift; sourceTree = "<group>"; };
		AF086E2628EA1731005657B4 /* FeedLoader.swift */ = {isa = PBXFileReference; lastKnownFileType = sourcecode.swift; path = FeedLoader.swift; sourceTree = "<group>"; };
		AF086E2A28EB56F9005657B4 /* RemoteFeedLoader.swift */ = {isa = PBXFileReference; lastKnownFileType = sourcecode.swift; path = RemoteFeedLoader.swift; sourceTree = "<group>"; };
		AF086E2C28EB57CB005657B4 /* RemoteFeedLoaderTests.swift */ = {isa = PBXFileReference; lastKnownFileType = sourcecode.swift; path = RemoteFeedLoaderTests.swift; sourceTree = "<group>"; };
		AF18367B290402F4003D6B25 /* FeedStoreSpecs.swift */ = {isa = PBXFileReference; lastKnownFileType = sourcecode.swift; path = FeedStoreSpecs.swift; sourceTree = "<group>"; };
		AF18367E29040834003D6B25 /* XCTestCase+FeedStoreSpecs.swift */ = {isa = PBXFileReference; lastKnownFileType = sourcecode.swift; path = "XCTestCase+FeedStoreSpecs.swift"; sourceTree = "<group>"; };
		AF18368029040C73003D6B25 /* XCTestCase+FailableRetrieveFeedStoreSpecs.swift */ = {isa = PBXFileReference; lastKnownFileType = sourcecode.swift; path = "XCTestCase+FailableRetrieveFeedStoreSpecs.swift"; sourceTree = "<group>"; };
		AF18368229040E20003D6B25 /* XCTestCase+FailableInsertFeedStoreSpecs.swift */ = {isa = PBXFileReference; lastKnownFileType = sourcecode.swift; path = "XCTestCase+FailableInsertFeedStoreSpecs.swift"; sourceTree = "<group>"; };
		AF18368429040F49003D6B25 /* XCTestCase+FailableDeleteFeedStoreSpecs.swift */ = {isa = PBXFileReference; lastKnownFileType = sourcecode.swift; path = "XCTestCase+FailableDeleteFeedStoreSpecs.swift"; sourceTree = "<group>"; };
		AF18368629055228003D6B25 /* CoreDataFeedStoreTests.swift */ = {isa = PBXFileReference; lastKnownFileType = sourcecode.swift; path = CoreDataFeedStoreTests.swift; sourceTree = "<group>"; };
		AF1836892905555C003D6B25 /* FeedStore.xcdatamodel */ = {isa = PBXFileReference; lastKnownFileType = wrapper.xcdatamodel; path = FeedStore.xcdatamodel; sourceTree = "<group>"; };
		AF18368B29055AFF003D6B25 /* CoreDataFeedStore.swift */ = {isa = PBXFileReference; lastKnownFileType = sourcecode.swift; path = CoreDataFeedStore.swift; sourceTree = "<group>"; };
		AF18369029058406003D6B25 /* CoreDataHelpers.swift */ = {isa = PBXFileReference; lastKnownFileType = sourcecode.swift; path = CoreDataHelpers.swift; sourceTree = "<group>"; };
		AF18369329058497003D6B25 /* ManagedCache.swift */ = {isa = PBXFileReference; lastKnownFileType = sourcecode.swift; path = ManagedCache.swift; sourceTree = "<group>"; };
		AF183695290584AD003D6B25 /* ManagedFeedImage.swift */ = {isa = PBXFileReference; lastKnownFileType = sourcecode.swift; path = ManagedFeedImage.swift; sourceTree = "<group>"; };
		AF18369B2905861B003D6B25 /* EssentialFeedCacheIntegrationTests.xctest */ = {isa = PBXFileReference; explicitFileType = wrapper.cfbundle; includeInIndex = 0; path = EssentialFeedCacheIntegrationTests.xctest; sourceTree = BUILT_PRODUCTS_DIR; };
		AF18369D2905861B003D6B25 /* EssentialFeedCacheIntegrationTests.swift */ = {isa = PBXFileReference; lastKnownFileType = sourcecode.swift; path = EssentialFeedCacheIntegrationTests.swift; sourceTree = "<group>"; };
		AF2D328328EF78EB0006DB56 /* HTTPClient.swift */ = {isa = PBXFileReference; lastKnownFileType = sourcecode.swift; path = HTTPClient.swift; sourceTree = "<group>"; };
		AF2D328528EF79790006DB56 /* FeedItemsMapper.swift */ = {isa = PBXFileReference; lastKnownFileType = sourcecode.swift; path = FeedItemsMapper.swift; sourceTree = "<group>"; };
		AF2D328828F8294E0006DB56 /* URLSessionHTTPClientTests.swift */ = {isa = PBXFileReference; lastKnownFileType = sourcecode.swift; path = URLSessionHTTPClientTests.swift; sourceTree = "<group>"; };
		AF2D328B28F8A93A0006DB56 /* XCTestCase+MemoryLeakTracking.swift */ = {isa = PBXFileReference; lastKnownFileType = sourcecode.swift; path = "XCTestCase+MemoryLeakTracking.swift"; sourceTree = "<group>"; };
		AF42E64028FFAB7300D24498 /* FeedStoreTestsHelper.swift */ = {isa = PBXFileReference; lastKnownFileType = sourcecode.swift; path = FeedStoreTestsHelper.swift; sourceTree = "<group>"; };
		AF42E64228FFAB9C00D24498 /* SharedTestsHelper.swift */ = {isa = PBXFileReference; lastKnownFileType = sourcecode.swift; path = SharedTestsHelper.swift; sourceTree = "<group>"; };
		AF42E64528FFACD400D24498 /* InvalidateCacheUseCaseTests.swift */ = {isa = PBXFileReference; lastKnownFileType = sourcecode.swift; name = InvalidateCacheUseCaseTests.swift; path = "EssentialFeedTests/Feed Store/InvalidateCacheUseCaseTests.swift"; sourceTree = SOURCE_ROOT; };
		AF42E6472900007900D24498 /* FeedCachPolicy.swift */ = {isa = PBXFileReference; lastKnownFileType = sourcecode.swift; path = FeedCachPolicy.swift; sourceTree = "<group>"; };
		AF42E6492900062300D24498 /* CacheFeedUseCaseTests.swift */ = {isa = PBXFileReference; fileEncoding = 4; lastKnownFileType = sourcecode.swift; path = CacheFeedUseCaseTests.swift; sourceTree = "<group>"; };
		AF42E64B29001FBA00D24498 /* CodableFeedStoreTests.swift */ = {isa = PBXFileReference; lastKnownFileType = sourcecode.swift; path = CodableFeedStoreTests.swift; sourceTree = "<group>"; };
		AF5612E6290226F80068A761 /* CodableFeedStore.swift */ = {isa = PBXFileReference; lastKnownFileType = sourcecode.swift; path = CodableFeedStore.swift; sourceTree = "<group>"; };
		AFD1C47828FD714B000B4D63 /* LoadFeedFromCacheUseCaseTests.swift */ = {isa = PBXFileReference; lastKnownFileType = sourcecode.swift; path = LoadFeedFromCacheUseCaseTests.swift; sourceTree = "<group>"; };
		AFD1C47A28FD767D000B4D63 /* FeedStoreSpy.swift */ = {isa = PBXFileReference; lastKnownFileType = sourcecode.swift; path = FeedStoreSpy.swift; sourceTree = "<group>"; };
		AFD26B3F290D77F30091E9B3 /* EssentialFeediOS.framework */ = {isa = PBXFileReference; explicitFileType = wrapper.framework; includeInIndex = 0; path = EssentialFeediOS.framework; sourceTree = BUILT_PRODUCTS_DIR; };
		AFD26B46290D77F30091E9B3 /* EssentialFeediOSTests.xctest */ = {isa = PBXFileReference; explicitFileType = wrapper.cfbundle; includeInIndex = 0; path = EssentialFeediOSTests.xctest; sourceTree = BUILT_PRODUCTS_DIR; };
		AFD26B54290D82380091E9B3 /* EssentialFeediOSTests-Bridging-Header.h */ = {isa = PBXFileReference; lastKnownFileType = sourcecode.c.h; path = "EssentialFeediOSTests-Bridging-Header.h"; sourceTree = "<group>"; };
		AFD26B55290D82390091E9B3 /* FeedViewControllerTests.swift */ = {isa = PBXFileReference; lastKnownFileType = sourcecode.swift; path = FeedViewControllerTests.swift; sourceTree = "<group>"; };
		AFD26B5E290DC7BB0091E9B3 /* FeedViewController.swift */ = {isa = PBXFileReference; lastKnownFileType = sourcecode.swift; path = FeedViewController.swift; sourceTree = "<group>"; };
		AFD26B63290E94510091E9B3 /* FeedImageCell.swift */ = {isa = PBXFileReference; lastKnownFileType = sourcecode.swift; path = FeedImageCell.swift; sourceTree = "<group>"; };
		AFD26B65290ED3180091E9B3 /* UIView+Shimmering.swift */ = {isa = PBXFileReference; lastKnownFileType = sourcecode.swift; path = "UIView+Shimmering.swift"; sourceTree = "<group>"; };
		AFE0C9BD28FAB79E0040FB3F /* EssentialFeedEndToEndTests.xctest */ = {isa = PBXFileReference; explicitFileType = wrapper.cfbundle; includeInIndex = 0; path = EssentialFeedEndToEndTests.xctest; sourceTree = BUILT_PRODUCTS_DIR; };
		AFE0C9BF28FAB79E0040FB3F /* EssentialFeedEndToEndTests.swift */ = {isa = PBXFileReference; lastKnownFileType = sourcecode.swift; path = EssentialFeedEndToEndTests.swift; sourceTree = "<group>"; };
		AFE0C9CE28FC594B0040FB3F /* LocalFeedLoader.swift */ = {isa = PBXFileReference; lastKnownFileType = sourcecode.swift; path = LocalFeedLoader.swift; sourceTree = "<group>"; };
		AFE0C9D028FC59840040FB3F /* FeedStore.swift */ = {isa = PBXFileReference; lastKnownFileType = sourcecode.swift; path = FeedStore.swift; sourceTree = "<group>"; };
		AFE0C9D228FC66C20040FB3F /* LocalFeedImage.swift */ = {isa = PBXFileReference; lastKnownFileType = sourcecode.swift; path = LocalFeedImage.swift; sourceTree = "<group>"; };
		AFE3C8D02912C98C00992A73 /* FeedImageViewPresenter.swift */ = {isa = PBXFileReference; lastKnownFileType = sourcecode.swift; path = FeedImageViewPresenter.swift; sourceTree = "<group>"; };
		AFE3C8D229140BA100992A73 /* FeedViewModel.swift */ = {isa = PBXFileReference; lastKnownFileType = sourcecode.swift; path = FeedViewModel.swift; sourceTree = "<group>"; };
		AFE3C8D429140BBB00992A73 /* FeedLoadingViewModel.swift */ = {isa = PBXFileReference; lastKnownFileType = sourcecode.swift; path = FeedLoadingViewModel.swift; sourceTree = "<group>"; };
		AFEA719228F8D20900ECE13B /* URLSessionHTTPClient.swift */ = {isa = PBXFileReference; lastKnownFileType = sourcecode.swift; path = URLSessionHTTPClient.swift; sourceTree = "<group>"; };
		AFFF60462910563C0038E241 /* FeedImageLoaderDataLoader.swift */ = {isa = PBXFileReference; lastKnownFileType = sourcecode.swift; path = FeedImageLoaderDataLoader.swift; sourceTree = "<group>"; };
		AFFF6048291059F00038E241 /* FeedRefreshController.swift */ = {isa = PBXFileReference; lastKnownFileType = sourcecode.swift; path = FeedRefreshController.swift; sourceTree = "<group>"; };
		AFFF604A291169DF0038E241 /* FeedImageCellController.swift */ = {isa = PBXFileReference; lastKnownFileType = sourcecode.swift; path = FeedImageCellController.swift; sourceTree = "<group>"; };
		AFFF604D291170220038E241 /* FeedUIComposer.swift */ = {isa = PBXFileReference; lastKnownFileType = sourcecode.swift; path = FeedUIComposer.swift; sourceTree = "<group>"; };
		AFFF6050291183320038E241 /* FeedPresenter.swift */ = {isa = PBXFileReference; lastKnownFileType = sourcecode.swift; path = FeedPresenter.swift; sourceTree = "<group>"; };
/* End PBXFileReference section */

/* Begin PBXFrameworksBuildPhase section */
		AF086DE428EA15FA005657B4 /* Frameworks */ = {
			isa = PBXFrameworksBuildPhase;
			buildActionMask = 2147483647;
			files = (
			);
			runOnlyForDeploymentPostprocessing = 0;
		};
		AF086DEE28EA15FA005657B4 /* Frameworks */ = {
			isa = PBXFrameworksBuildPhase;
			buildActionMask = 2147483647;
			files = (
				AF086DF228EA15FA005657B4 /* EssentialFeed.framework in Frameworks */,
			);
			runOnlyForDeploymentPostprocessing = 0;
		};
		AF1836982905861B003D6B25 /* Frameworks */ = {
			isa = PBXFrameworksBuildPhase;
			buildActionMask = 2147483647;
			files = (
				AF18369F2905861B003D6B25 /* EssentialFeed.framework in Frameworks */,
			);
			runOnlyForDeploymentPostprocessing = 0;
		};
		AFD26B3C290D77F30091E9B3 /* Frameworks */ = {
			isa = PBXFrameworksBuildPhase;
			buildActionMask = 2147483647;
			files = (
				AFD26B58290D85C50091E9B3 /* EssentialFeed.framework in Frameworks */,
			);
			runOnlyForDeploymentPostprocessing = 0;
		};
		AFD26B43290D77F30091E9B3 /* Frameworks */ = {
			isa = PBXFrameworksBuildPhase;
			buildActionMask = 2147483647;
			files = (
				AFD26B47290D77F40091E9B3 /* EssentialFeediOS.framework in Frameworks */,
			);
			runOnlyForDeploymentPostprocessing = 0;
		};
		AFE0C9BA28FAB79E0040FB3F /* Frameworks */ = {
			isa = PBXFrameworksBuildPhase;
			buildActionMask = 2147483647;
			files = (
				AFE0C9C128FAB79E0040FB3F /* EssentialFeed.framework in Frameworks */,
			);
			runOnlyForDeploymentPostprocessing = 0;
		};
/* End PBXFrameworksBuildPhase section */

/* Begin PBXGroup section */
		AF086DDD28EA15FA005657B4 = {
			isa = PBXGroup;
			children = (
				AF086DE928EA15FA005657B4 /* EssentialFeed */,
				AF086DF528EA15FA005657B4 /* EssentialFeedTests */,
				AFE0C9BE28FAB79E0040FB3F /* EssentialFeedEndToEndTests */,
				AF18369C2905861B003D6B25 /* EssentialFeedCacheIntegrationTests */,
				AFD26B40290D77F30091E9B3 /* EssentialFeediOS */,
				AFD26B4A290D77F40091E9B3 /* EssentialFeediOSTests */,
				AF086DE828EA15FA005657B4 /* Products */,
				AFD26B57290D85C50091E9B3 /* Frameworks */,
			);
			sourceTree = "<group>";
		};
		AF086DE828EA15FA005657B4 /* Products */ = {
			isa = PBXGroup;
			children = (
				AF086DE728EA15FA005657B4 /* EssentialFeed.framework */,
				AF086DF128EA15FA005657B4 /* EssentialFeedTests.xctest */,
				AFE0C9BD28FAB79E0040FB3F /* EssentialFeedEndToEndTests.xctest */,
				AF18369B2905861B003D6B25 /* EssentialFeedCacheIntegrationTests.xctest */,
				AFD26B3F290D77F30091E9B3 /* EssentialFeediOS.framework */,
				AFD26B46290D77F30091E9B3 /* EssentialFeediOSTests.xctest */,
			);
			name = Products;
			sourceTree = "<group>";
		};
		AF086DE928EA15FA005657B4 /* EssentialFeed */ = {
			isa = PBXGroup;
			children = (
				AFE0C9CD28FC593F0040FB3F /* Feed Cache */,
				AF086E2E28EB5BE0005657B4 /* Feed API */,
				AF086E2328EA16B0005657B4 /* FeedFeature */,
				AF086DEA28EA15FA005657B4 /* EssentialFeed.h */,
				AF086DEB28EA15FA005657B4 /* EssentialFeed.docc */,
			);
			path = EssentialFeed;
			sourceTree = "<group>";
		};
		AF086DF528EA15FA005657B4 /* EssentialFeedTests */ = {
			isa = PBXGroup;
			children = (
				AF2D328A28F8A9000006DB56 /* Helpers */,
				AFE0C9CA28FC14600040FB3F /* Feed Store */,
				AF2D328728EF814D0006DB56 /* Feed API */,
			);
			path = EssentialFeedTests;
			sourceTree = "<group>";
		};
		AF086E2328EA16B0005657B4 /* FeedFeature */ = {
			isa = PBXGroup;
			children = (
				AF086E2428EA16BF005657B4 /* FeedImage.swift */,
				AF086E2628EA1731005657B4 /* FeedLoader.swift */,
			);
			path = FeedFeature;
			sourceTree = "<group>";
		};
		AF086E2E28EB5BE0005657B4 /* Feed API */ = {
			isa = PBXGroup;
			children = (
				AF2D328328EF78EB0006DB56 /* HTTPClient.swift */,
				AF086E2A28EB56F9005657B4 /* RemoteFeedLoader.swift */,
				AF2D328528EF79790006DB56 /* FeedItemsMapper.swift */,
				AFEA719228F8D20900ECE13B /* URLSessionHTTPClient.swift */,
			);
			path = "Feed API";
			sourceTree = "<group>";
		};
		AF18367D290407D1003D6B25 /* FeedStoreSpecs */ = {
			isa = PBXGroup;
			children = (
				AF18367B290402F4003D6B25 /* FeedStoreSpecs.swift */,
				AF18368029040C73003D6B25 /* XCTestCase+FailableRetrieveFeedStoreSpecs.swift */,
				AF18368429040F49003D6B25 /* XCTestCase+FailableDeleteFeedStoreSpecs.swift */,
				AF18367E29040834003D6B25 /* XCTestCase+FeedStoreSpecs.swift */,
				AF18368229040E20003D6B25 /* XCTestCase+FailableInsertFeedStoreSpecs.swift */,
			);
			path = FeedStoreSpecs;
			sourceTree = "<group>";
		};
		AF18368D29058361003D6B25 /* Infrastructure */ = {
			isa = PBXGroup;
			children = (
				AF18368F290583C5003D6B25 /* Codable */,
				AF18368E290583A8003D6B25 /* CoreData */,
			);
			path = Infrastructure;
			sourceTree = "<group>";
		};
		AF18368E290583A8003D6B25 /* CoreData */ = {
			isa = PBXGroup;
			children = (
				AF1836882905555C003D6B25 /* FeedStore.xcdatamodeld */,
				AF18368B29055AFF003D6B25 /* CoreDataFeedStore.swift */,
				AF18369029058406003D6B25 /* CoreDataHelpers.swift */,
				AF18369329058497003D6B25 /* ManagedCache.swift */,
				AF183695290584AD003D6B25 /* ManagedFeedImage.swift */,
			);
			path = CoreData;
			sourceTree = "<group>";
		};
		AF18368F290583C5003D6B25 /* Codable */ = {
			isa = PBXGroup;
			children = (
				AF5612E6290226F80068A761 /* CodableFeedStore.swift */,
			);
			path = Codable;
			sourceTree = "<group>";
		};
		AF18369C2905861B003D6B25 /* EssentialFeedCacheIntegrationTests */ = {
			isa = PBXGroup;
			children = (
				AF18369D2905861B003D6B25 /* EssentialFeedCacheIntegrationTests.swift */,
			);
			path = EssentialFeedCacheIntegrationTests;
			sourceTree = "<group>";
		};
		AF2D328728EF814D0006DB56 /* Feed API */ = {
			isa = PBXGroup;
			children = (
				AF086E2C28EB57CB005657B4 /* RemoteFeedLoaderTests.swift */,
				AF2D328828F8294E0006DB56 /* URLSessionHTTPClientTests.swift */,
			);
			path = "Feed API";
			sourceTree = "<group>";
		};
		AF2D328A28F8A9000006DB56 /* Helpers */ = {
			isa = PBXGroup;
			children = (
				AF2D328B28F8A93A0006DB56 /* XCTestCase+MemoryLeakTracking.swift */,
				AF42E64228FFAB9C00D24498 /* SharedTestsHelper.swift */,
			);
			path = Helpers;
			sourceTree = "<group>";
		};
		AF42E64428FFAC8600D24498 /* Helpers */ = {
			isa = PBXGroup;
			children = (
				AFD1C47A28FD767D000B4D63 /* FeedStoreSpy.swift */,
				AF42E64028FFAB7300D24498 /* FeedStoreTestsHelper.swift */,
			);
			path = Helpers;
			sourceTree = "<group>";
		};
		AFD26B40290D77F30091E9B3 /* EssentialFeediOS */ = {
			isa = PBXGroup;
			children = (
				AFFF6045291056350038E241 /* FeedImageLoaderDataLoader */,
				AFFF6044291055FC0038E241 /* Feed UI */,
			);
			path = EssentialFeediOS;
			sourceTree = "<group>";
		};
		AFD26B4A290D77F40091E9B3 /* EssentialFeediOSTests */ = {
			isa = PBXGroup;
			children = (
				AFD26B55290D82390091E9B3 /* FeedViewControllerTests.swift */,
				AFD26B54290D82380091E9B3 /* EssentialFeediOSTests-Bridging-Header.h */,
			);
			path = EssentialFeediOSTests;
			sourceTree = "<group>";
		};
		AFD26B57290D85C50091E9B3 /* Frameworks */ = {
			isa = PBXGroup;
			children = (
			);
			name = Frameworks;
			sourceTree = "<group>";
		};
		AFE0C9BE28FAB79E0040FB3F /* EssentialFeedEndToEndTests */ = {
			isa = PBXGroup;
			children = (
				AFE0C9BF28FAB79E0040FB3F /* EssentialFeedEndToEndTests.swift */,
			);
			path = EssentialFeedEndToEndTests;
			sourceTree = "<group>";
		};
		AFE0C9CA28FC14600040FB3F /* Feed Store */ = {
			isa = PBXGroup;
			children = (
				AF18367D290407D1003D6B25 /* FeedStoreSpecs */,
				AF42E64428FFAC8600D24498 /* Helpers */,
				AFD1C47828FD714B000B4D63 /* LoadFeedFromCacheUseCaseTests.swift */,
				AF42E6492900062300D24498 /* CacheFeedUseCaseTests.swift */,
				AF42E64528FFACD400D24498 /* InvalidateCacheUseCaseTests.swift */,
				AF42E64B29001FBA00D24498 /* CodableFeedStoreTests.swift */,
				AF18368629055228003D6B25 /* CoreDataFeedStoreTests.swift */,
			);
			path = "Feed Store";
			sourceTree = "<group>";
		};
		AFE0C9CD28FC593F0040FB3F /* Feed Cache */ = {
			isa = PBXGroup;
			children = (
				AF18368D29058361003D6B25 /* Infrastructure */,
				AFE0C9CE28FC594B0040FB3F /* LocalFeedLoader.swift */,
				AFE0C9D028FC59840040FB3F /* FeedStore.swift */,
				AFE0C9D228FC66C20040FB3F /* LocalFeedImage.swift */,
				AF42E6472900007900D24498 /* FeedCachPolicy.swift */,
			);
			path = "Feed Cache";
			sourceTree = "<group>";
		};
		AFFF6042291055E70038E241 /* Views */ = {
			isa = PBXGroup;
			children = (
				AFD26B63290E94510091E9B3 /* FeedImageCell.swift */,
				AFD26B65290ED3180091E9B3 /* UIView+Shimmering.swift */,
			);
			path = Views;
			sourceTree = "<group>";
		};
		AFFF6043291055F20038E241 /* Controller */ = {
			isa = PBXGroup;
			children = (
				AFD26B5E290DC7BB0091E9B3 /* FeedViewController.swift */,
				AFFF6048291059F00038E241 /* FeedRefreshController.swift */,
				AFFF604A291169DF0038E241 /* FeedImageCellController.swift */,
			);
			path = Controller;
			sourceTree = "<group>";
		};
		AFFF6044291055FC0038E241 /* Feed UI */ = {
			isa = PBXGroup;
			children = (
				AFFF604C2911701A0038E241 /* Composers */,
				AFFF604F291183230038E241 /* Presentation */,
				AFFF6043291055F20038E241 /* Controller */,
				AFFF6042291055E70038E241 /* Views */,
			);
			path = "Feed UI";
			sourceTree = "<group>";
		};
		AFFF6045291056350038E241 /* FeedImageLoaderDataLoader */ = {
			isa = PBXGroup;
			children = (
				AFFF60462910563C0038E241 /* FeedImageLoaderDataLoader.swift */,
			);
			path = FeedImageLoaderDataLoader;
			sourceTree = "<group>";
		};
		AFFF604C2911701A0038E241 /* Composers */ = {
			isa = PBXGroup;
			children = (
				AFFF604D291170220038E241 /* FeedUIComposer.swift */,
			);
			path = Composers;
			sourceTree = "<group>";
		};
		AFFF604F291183230038E241 /* Presentation */ = {
			isa = PBXGroup;
			children = (
				AFFF6050291183320038E241 /* FeedPresenter.swift */,
				AFE3C8D02912C98C00992A73 /* FeedImageViewPresenter.swift */,
				AFE3C8D229140BA100992A73 /* FeedViewModel.swift */,
				AFE3C8D429140BBB00992A73 /* FeedLoadingViewModel.swift */,
			);
			path = Presentation;
			sourceTree = "<group>";
		};
/* End PBXGroup section */

/* Begin PBXHeadersBuildPhase section */
		AF086DE228EA15FA005657B4 /* Headers */ = {
			isa = PBXHeadersBuildPhase;
			buildActionMask = 2147483647;
			files = (
				AF086DF828EA15FA005657B4 /* EssentialFeed.h in Headers */,
			);
			runOnlyForDeploymentPostprocessing = 0;
		};
		AFD26B3A290D77F30091E9B3 /* Headers */ = {
			isa = PBXHeadersBuildPhase;
			buildActionMask = 2147483647;
			files = (
			);
			runOnlyForDeploymentPostprocessing = 0;
		};
/* End PBXHeadersBuildPhase section */

/* Begin PBXNativeTarget section */
		AF086DE628EA15FA005657B4 /* EssentialFeed */ = {
			isa = PBXNativeTarget;
			buildConfigurationList = AF086DFB28EA15FA005657B4 /* Build configuration list for PBXNativeTarget "EssentialFeed" */;
			buildPhases = (
				AF086DE228EA15FA005657B4 /* Headers */,
				AF086DE328EA15FA005657B4 /* Sources */,
				AF086DE428EA15FA005657B4 /* Frameworks */,
				AF086DE528EA15FA005657B4 /* Resources */,
			);
			buildRules = (
			);
			dependencies = (
			);
			name = EssentialFeed;
			productName = EssentialFeed;
			productReference = AF086DE728EA15FA005657B4 /* EssentialFeed.framework */;
			productType = "com.apple.product-type.framework";
		};
		AF086DF028EA15FA005657B4 /* EssentialFeedTests */ = {
			isa = PBXNativeTarget;
			buildConfigurationList = AF086DFE28EA15FA005657B4 /* Build configuration list for PBXNativeTarget "EssentialFeedTests" */;
			buildPhases = (
				AF086DED28EA15FA005657B4 /* Sources */,
				AF086DEE28EA15FA005657B4 /* Frameworks */,
				AF086DEF28EA15FA005657B4 /* Resources */,
			);
			buildRules = (
			);
			dependencies = (
				AF086DF428EA15FA005657B4 /* PBXTargetDependency */,
			);
			name = EssentialFeedTests;
			productName = EssentialFeedTests;
			productReference = AF086DF128EA15FA005657B4 /* EssentialFeedTests.xctest */;
			productType = "com.apple.product-type.bundle.unit-test";
		};
		AF18369A2905861B003D6B25 /* EssentialFeedCacheIntegrationTests */ = {
			isa = PBXNativeTarget;
			buildConfigurationList = AF1836A22905861B003D6B25 /* Build configuration list for PBXNativeTarget "EssentialFeedCacheIntegrationTests" */;
			buildPhases = (
				AF1836972905861B003D6B25 /* Sources */,
				AF1836982905861B003D6B25 /* Frameworks */,
				AF1836992905861B003D6B25 /* Resources */,
			);
			buildRules = (
			);
			dependencies = (
				AF1836A12905861B003D6B25 /* PBXTargetDependency */,
			);
			name = EssentialFeedCacheIntegrationTests;
			productName = EssentialFeedCacheIntegrationTests;
			productReference = AF18369B2905861B003D6B25 /* EssentialFeedCacheIntegrationTests.xctest */;
			productType = "com.apple.product-type.bundle.unit-test";
		};
		AFD26B3E290D77F30091E9B3 /* EssentialFeediOS */ = {
			isa = PBXNativeTarget;
			buildConfigurationList = AFD26B4E290D77F40091E9B3 /* Build configuration list for PBXNativeTarget "EssentialFeediOS" */;
			buildPhases = (
				AFD26B3A290D77F30091E9B3 /* Headers */,
				AFD26B3B290D77F30091E9B3 /* Sources */,
				AFD26B3C290D77F30091E9B3 /* Frameworks */,
				AFD26B3D290D77F30091E9B3 /* Resources */,
				AFD26B5C290D85C50091E9B3 /* Embed Frameworks */,
			);
			buildRules = (
			);
			dependencies = (
				AFD26B5B290D85C50091E9B3 /* PBXTargetDependency */,
			);
			name = EssentialFeediOS;
			productName = EssentialFeediOS;
			productReference = AFD26B3F290D77F30091E9B3 /* EssentialFeediOS.framework */;
			productType = "com.apple.product-type.framework";
		};
		AFD26B45290D77F30091E9B3 /* EssentialFeediOSTests */ = {
			isa = PBXNativeTarget;
			buildConfigurationList = AFD26B51290D77F40091E9B3 /* Build configuration list for PBXNativeTarget "EssentialFeediOSTests" */;
			buildPhases = (
				AFD26B42290D77F30091E9B3 /* Sources */,
				AFD26B43290D77F30091E9B3 /* Frameworks */,
				AFD26B44290D77F30091E9B3 /* Resources */,
			);
			buildRules = (
			);
			dependencies = (
				AFD26B49290D77F40091E9B3 /* PBXTargetDependency */,
			);
			name = EssentialFeediOSTests;
			productName = EssentialFeediOSTests;
			productReference = AFD26B46290D77F30091E9B3 /* EssentialFeediOSTests.xctest */;
			productType = "com.apple.product-type.bundle.unit-test";
		};
		AFE0C9BC28FAB79E0040FB3F /* EssentialFeedEndToEndTests */ = {
			isa = PBXNativeTarget;
			buildConfigurationList = AFE0C9C628FAB79E0040FB3F /* Build configuration list for PBXNativeTarget "EssentialFeedEndToEndTests" */;
			buildPhases = (
				AFE0C9B928FAB79E0040FB3F /* Sources */,
				AFE0C9BA28FAB79E0040FB3F /* Frameworks */,
				AFE0C9BB28FAB79E0040FB3F /* Resources */,
			);
			buildRules = (
			);
			dependencies = (
				AFE0C9C328FAB79E0040FB3F /* PBXTargetDependency */,
			);
			name = EssentialFeedEndToEndTests;
			productName = EssentialFeedEndToEndTests;
			productReference = AFE0C9BD28FAB79E0040FB3F /* EssentialFeedEndToEndTests.xctest */;
			productType = "com.apple.product-type.bundle.unit-test";
		};
/* End PBXNativeTarget section */

/* Begin PBXProject section */
		AF086DDE28EA15FA005657B4 /* Project object */ = {
			isa = PBXProject;
			attributes = {
				BuildIndependentTargetsInParallel = 1;
				LastSwiftUpdateCheck = 1400;
				LastUpgradeCheck = 1400;
				TargetAttributes = {
					AF086DE628EA15FA005657B4 = {
						CreatedOnToolsVersion = 13.4.1;
					};
					AF086DF028EA15FA005657B4 = {
						CreatedOnToolsVersion = 13.4.1;
					};
					AF18369A2905861B003D6B25 = {
						CreatedOnToolsVersion = 13.4.1;
					};
					AFD26B3E290D77F30091E9B3 = {
						CreatedOnToolsVersion = 14.0.1;
						LastSwiftMigration = 1400;
					};
					AFD26B45290D77F30091E9B3 = {
						CreatedOnToolsVersion = 14.0.1;
						LastSwiftMigration = 1400;
					};
					AFE0C9BC28FAB79E0040FB3F = {
						CreatedOnToolsVersion = 13.4.1;
					};
				};
			};
			buildConfigurationList = AF086DE128EA15FA005657B4 /* Build configuration list for PBXProject "EssentialFeed" */;
			compatibilityVersion = "Xcode 13.0";
			developmentRegion = en;
			hasScannedForEncodings = 0;
			knownRegions = (
				en,
				Base,
			);
			mainGroup = AF086DDD28EA15FA005657B4;
			productRefGroup = AF086DE828EA15FA005657B4 /* Products */;
			projectDirPath = "";
			projectRoot = "";
			targets = (
				AF086DE628EA15FA005657B4 /* EssentialFeed */,
				AF086DF028EA15FA005657B4 /* EssentialFeedTests */,
				AFE0C9BC28FAB79E0040FB3F /* EssentialFeedEndToEndTests */,
				AF18369A2905861B003D6B25 /* EssentialFeedCacheIntegrationTests */,
				AFD26B3E290D77F30091E9B3 /* EssentialFeediOS */,
				AFD26B45290D77F30091E9B3 /* EssentialFeediOSTests */,
			);
		};
/* End PBXProject section */

/* Begin PBXResourcesBuildPhase section */
		AF086DE528EA15FA005657B4 /* Resources */ = {
			isa = PBXResourcesBuildPhase;
			buildActionMask = 2147483647;
			files = (
			);
			runOnlyForDeploymentPostprocessing = 0;
		};
		AF086DEF28EA15FA005657B4 /* Resources */ = {
			isa = PBXResourcesBuildPhase;
			buildActionMask = 2147483647;
			files = (
			);
			runOnlyForDeploymentPostprocessing = 0;
		};
		AF1836992905861B003D6B25 /* Resources */ = {
			isa = PBXResourcesBuildPhase;
			buildActionMask = 2147483647;
			files = (
			);
			runOnlyForDeploymentPostprocessing = 0;
		};
		AFD26B3D290D77F30091E9B3 /* Resources */ = {
			isa = PBXResourcesBuildPhase;
			buildActionMask = 2147483647;
			files = (
			);
			runOnlyForDeploymentPostprocessing = 0;
		};
		AFD26B44290D77F30091E9B3 /* Resources */ = {
			isa = PBXResourcesBuildPhase;
			buildActionMask = 2147483647;
			files = (
			);
			runOnlyForDeploymentPostprocessing = 0;
		};
		AFE0C9BB28FAB79E0040FB3F /* Resources */ = {
			isa = PBXResourcesBuildPhase;
			buildActionMask = 2147483647;
			files = (
			);
			runOnlyForDeploymentPostprocessing = 0;
		};
/* End PBXResourcesBuildPhase section */

/* Begin PBXSourcesBuildPhase section */
		AF086DE328EA15FA005657B4 /* Sources */ = {
			isa = PBXSourcesBuildPhase;
			buildActionMask = 2147483647;
			files = (
				AF18369129058406003D6B25 /* CoreDataHelpers.swift in Sources */,
				AF18368A2905555C003D6B25 /* FeedStore.xcdatamodeld in Sources */,
				AFE0C9D128FC59840040FB3F /* FeedStore.swift in Sources */,
				AFEA719328F8D20900ECE13B /* URLSessionHTTPClient.swift in Sources */,
				AF42E6482900007900D24498 /* FeedCachPolicy.swift in Sources */,
				AF086E2B28EB56F9005657B4 /* RemoteFeedLoader.swift in Sources */,
				AFE0C9D328FC66C20040FB3F /* LocalFeedImage.swift in Sources */,
				AF18368C29055AFF003D6B25 /* CoreDataFeedStore.swift in Sources */,
				AF2D328428EF78EB0006DB56 /* HTTPClient.swift in Sources */,
				AF086E2728EA1731005657B4 /* FeedLoader.swift in Sources */,
				AF2D328628EF79790006DB56 /* FeedItemsMapper.swift in Sources */,
				AF5612E7290226F80068A761 /* CodableFeedStore.swift in Sources */,
				AF086E2528EA16BF005657B4 /* FeedImage.swift in Sources */,
				AFE0C9CF28FC594B0040FB3F /* LocalFeedLoader.swift in Sources */,
				AF18369429058497003D6B25 /* ManagedCache.swift in Sources */,
				AF086DEC28EA15FA005657B4 /* EssentialFeed.docc in Sources */,
				AF183696290584AD003D6B25 /* ManagedFeedImage.swift in Sources */,
			);
			runOnlyForDeploymentPostprocessing = 0;
		};
		AF086DED28EA15FA005657B4 /* Sources */ = {
			isa = PBXSourcesBuildPhase;
			buildActionMask = 2147483647;
			files = (
				AF42E64C29001FBA00D24498 /* CodableFeedStoreTests.swift in Sources */,
				AF18368129040C73003D6B25 /* XCTestCase+FailableRetrieveFeedStoreSpecs.swift in Sources */,
				AF086E2D28EB57CB005657B4 /* RemoteFeedLoaderTests.swift in Sources */,
				AFD1C47928FD714B000B4D63 /* LoadFeedFromCacheUseCaseTests.swift in Sources */,
				AF18368329040E20003D6B25 /* XCTestCase+FailableInsertFeedStoreSpecs.swift in Sources */,
				AF42E64128FFAB7300D24498 /* FeedStoreTestsHelper.swift in Sources */,
				AFD1C47B28FD767D000B4D63 /* FeedStoreSpy.swift in Sources */,
				AF42E64328FFAB9C00D24498 /* SharedTestsHelper.swift in Sources */,
				AF42E64A2900062300D24498 /* CacheFeedUseCaseTests.swift in Sources */,
				AF18368529040F49003D6B25 /* XCTestCase+FailableDeleteFeedStoreSpecs.swift in Sources */,
				AF2D328928F8294E0006DB56 /* URLSessionHTTPClientTests.swift in Sources */,
				AF2D328C28F8A93A0006DB56 /* XCTestCase+MemoryLeakTracking.swift in Sources */,
				AF18367C290402F4003D6B25 /* FeedStoreSpecs.swift in Sources */,
				AF42E64628FFACD400D24498 /* InvalidateCacheUseCaseTests.swift in Sources */,
				AF18368729055228003D6B25 /* CoreDataFeedStoreTests.swift in Sources */,
				AF18367F29040834003D6B25 /* XCTestCase+FeedStoreSpecs.swift in Sources */,
			);
			runOnlyForDeploymentPostprocessing = 0;
		};
		AF1836972905861B003D6B25 /* Sources */ = {
			isa = PBXSourcesBuildPhase;
			buildActionMask = 2147483647;
			files = (
				AF18369E2905861B003D6B25 /* EssentialFeedCacheIntegrationTests.swift in Sources */,
			);
			runOnlyForDeploymentPostprocessing = 0;
		};
		AFD26B3B290D77F30091E9B3 /* Sources */ = {
			isa = PBXSourcesBuildPhase;
			buildActionMask = 2147483647;
			files = (
				AFE3C8D329140BA100992A73 /* FeedViewModel.swift in Sources */,
				AFD26B5F290DC7BB0091E9B3 /* FeedViewController.swift in Sources */,
				AFFF60472910563C0038E241 /* FeedImageLoaderDataLoader.swift in Sources */,
				AFE3C8D529140BBB00992A73 /* FeedLoadingViewModel.swift in Sources */,
				AFD26B64290E94510091E9B3 /* FeedImageCell.swift in Sources */,
				AFFF6049291059F00038E241 /* FeedRefreshController.swift in Sources */,
				AFD26B66290ED3180091E9B3 /* UIView+Shimmering.swift in Sources */,
				AFE3C8D12912C98C00992A73 /* FeedImageViewPresenter.swift in Sources */,
				AFFF604B291169DF0038E241 /* FeedImageCellController.swift in Sources */,
				AFFF6051291183320038E241 /* FeedPresenter.swift in Sources */,
				AFFF604E291170220038E241 /* FeedUIComposer.swift in Sources */,
			);
			runOnlyForDeploymentPostprocessing = 0;
		};
		AFD26B42290D77F30091E9B3 /* Sources */ = {
			isa = PBXSourcesBuildPhase;
			buildActionMask = 2147483647;
			files = (
				AFD26B56290D82390091E9B3 /* FeedViewControllerTests.swift in Sources */,
				AFD26B5D290D895F0091E9B3 /* XCTestCase+MemoryLeakTracking.swift in Sources */,
				AFD26B62290E908B0091E9B3 /* SharedTestsHelper.swift in Sources */,
			);
			runOnlyForDeploymentPostprocessing = 0;
		};
		AFE0C9B928FAB79E0040FB3F /* Sources */ = {
			isa = PBXSourcesBuildPhase;
			buildActionMask = 2147483647;
			files = (
				AFE0C9C028FAB79E0040FB3F /* EssentialFeedEndToEndTests.swift in Sources */,
				AFE0C9C728FABBCA0040FB3F /* XCTestCase+MemoryLeakTracking.swift in Sources */,
			);
			runOnlyForDeploymentPostprocessing = 0;
		};
/* End PBXSourcesBuildPhase section */

/* Begin PBXTargetDependency section */
		AF086DF428EA15FA005657B4 /* PBXTargetDependency */ = {
			isa = PBXTargetDependency;
			target = AF086DE628EA15FA005657B4 /* EssentialFeed */;
			targetProxy = AF086DF328EA15FA005657B4 /* PBXContainerItemProxy */;
		};
		AF1836A12905861B003D6B25 /* PBXTargetDependency */ = {
			isa = PBXTargetDependency;
			target = AF086DE628EA15FA005657B4 /* EssentialFeed */;
			targetProxy = AF1836A02905861B003D6B25 /* PBXContainerItemProxy */;
		};
		AFD26B49290D77F40091E9B3 /* PBXTargetDependency */ = {
			isa = PBXTargetDependency;
			target = AFD26B3E290D77F30091E9B3 /* EssentialFeediOS */;
			targetProxy = AFD26B48290D77F40091E9B3 /* PBXContainerItemProxy */;
		};
		AFD26B5B290D85C50091E9B3 /* PBXTargetDependency */ = {
			isa = PBXTargetDependency;
			target = AF086DE628EA15FA005657B4 /* EssentialFeed */;
			targetProxy = AFD26B5A290D85C50091E9B3 /* PBXContainerItemProxy */;
		};
		AFE0C9C328FAB79E0040FB3F /* PBXTargetDependency */ = {
			isa = PBXTargetDependency;
			target = AF086DE628EA15FA005657B4 /* EssentialFeed */;
			targetProxy = AFE0C9C228FAB79E0040FB3F /* PBXContainerItemProxy */;
		};
/* End PBXTargetDependency section */

/* Begin XCBuildConfiguration section */
		AF086DF928EA15FA005657B4 /* Debug */ = {
			isa = XCBuildConfiguration;
			buildSettings = {
				ALWAYS_SEARCH_USER_PATHS = NO;
				CLANG_ANALYZER_NONNULL = YES;
				CLANG_ANALYZER_NUMBER_OBJECT_CONVERSION = YES_AGGRESSIVE;
				CLANG_CXX_LANGUAGE_STANDARD = "gnu++17";
				CLANG_ENABLE_MODULES = YES;
				CLANG_ENABLE_OBJC_ARC = YES;
				CLANG_ENABLE_OBJC_WEAK = YES;
				CLANG_WARN_BLOCK_CAPTURE_AUTORELEASING = YES;
				CLANG_WARN_BOOL_CONVERSION = YES;
				CLANG_WARN_COMMA = YES;
				CLANG_WARN_CONSTANT_CONVERSION = YES;
				CLANG_WARN_DEPRECATED_OBJC_IMPLEMENTATIONS = YES;
				CLANG_WARN_DIRECT_OBJC_ISA_USAGE = YES_ERROR;
				CLANG_WARN_DOCUMENTATION_COMMENTS = YES;
				CLANG_WARN_EMPTY_BODY = YES;
				CLANG_WARN_ENUM_CONVERSION = YES;
				CLANG_WARN_INFINITE_RECURSION = YES;
				CLANG_WARN_INT_CONVERSION = YES;
				CLANG_WARN_NON_LITERAL_NULL_CONVERSION = YES;
				CLANG_WARN_OBJC_IMPLICIT_RETAIN_SELF = YES;
				CLANG_WARN_OBJC_LITERAL_CONVERSION = YES;
				CLANG_WARN_OBJC_ROOT_CLASS = YES_ERROR;
				CLANG_WARN_QUOTED_INCLUDE_IN_FRAMEWORK_HEADER = YES;
				CLANG_WARN_RANGE_LOOP_ANALYSIS = YES;
				CLANG_WARN_STRICT_PROTOTYPES = YES;
				CLANG_WARN_SUSPICIOUS_MOVE = YES;
				CLANG_WARN_UNGUARDED_AVAILABILITY = YES_AGGRESSIVE;
				CLANG_WARN_UNREACHABLE_CODE = YES;
				CLANG_WARN__DUPLICATE_METHOD_MATCH = YES;
				COPY_PHASE_STRIP = NO;
				CURRENT_PROJECT_VERSION = 1;
				DEAD_CODE_STRIPPING = YES;
				DEBUG_INFORMATION_FORMAT = dwarf;
				ENABLE_STRICT_OBJC_MSGSEND = YES;
				ENABLE_TESTABILITY = YES;
				GCC_C_LANGUAGE_STANDARD = gnu11;
				GCC_DYNAMIC_NO_PIC = NO;
				GCC_NO_COMMON_BLOCKS = YES;
				GCC_OPTIMIZATION_LEVEL = 0;
				GCC_PREPROCESSOR_DEFINITIONS = (
					"DEBUG=1",
					"$(inherited)",
				);
				GCC_WARN_64_TO_32_BIT_CONVERSION = YES;
				GCC_WARN_ABOUT_RETURN_TYPE = YES_ERROR;
				GCC_WARN_UNDECLARED_SELECTOR = YES;
				GCC_WARN_UNINITIALIZED_AUTOS = YES_AGGRESSIVE;
				GCC_WARN_UNUSED_FUNCTION = YES;
				GCC_WARN_UNUSED_VARIABLE = YES;
				MACOSX_DEPLOYMENT_TARGET = 11.5;
				MTL_ENABLE_DEBUG_INFO = INCLUDE_SOURCE;
				MTL_FAST_MATH = YES;
				ONLY_ACTIVE_ARCH = YES;
				SDKROOT = macosx;
				SWIFT_ACTIVE_COMPILATION_CONDITIONS = DEBUG;
				SWIFT_OPTIMIZATION_LEVEL = "-Onone";
				VERSIONING_SYSTEM = "apple-generic";
				VERSION_INFO_PREFIX = "";
			};
			name = Debug;
		};
		AF086DFA28EA15FA005657B4 /* Release */ = {
			isa = XCBuildConfiguration;
			buildSettings = {
				ALWAYS_SEARCH_USER_PATHS = NO;
				CLANG_ANALYZER_NONNULL = YES;
				CLANG_ANALYZER_NUMBER_OBJECT_CONVERSION = YES_AGGRESSIVE;
				CLANG_CXX_LANGUAGE_STANDARD = "gnu++17";
				CLANG_ENABLE_MODULES = YES;
				CLANG_ENABLE_OBJC_ARC = YES;
				CLANG_ENABLE_OBJC_WEAK = YES;
				CLANG_WARN_BLOCK_CAPTURE_AUTORELEASING = YES;
				CLANG_WARN_BOOL_CONVERSION = YES;
				CLANG_WARN_COMMA = YES;
				CLANG_WARN_CONSTANT_CONVERSION = YES;
				CLANG_WARN_DEPRECATED_OBJC_IMPLEMENTATIONS = YES;
				CLANG_WARN_DIRECT_OBJC_ISA_USAGE = YES_ERROR;
				CLANG_WARN_DOCUMENTATION_COMMENTS = YES;
				CLANG_WARN_EMPTY_BODY = YES;
				CLANG_WARN_ENUM_CONVERSION = YES;
				CLANG_WARN_INFINITE_RECURSION = YES;
				CLANG_WARN_INT_CONVERSION = YES;
				CLANG_WARN_NON_LITERAL_NULL_CONVERSION = YES;
				CLANG_WARN_OBJC_IMPLICIT_RETAIN_SELF = YES;
				CLANG_WARN_OBJC_LITERAL_CONVERSION = YES;
				CLANG_WARN_OBJC_ROOT_CLASS = YES_ERROR;
				CLANG_WARN_QUOTED_INCLUDE_IN_FRAMEWORK_HEADER = YES;
				CLANG_WARN_RANGE_LOOP_ANALYSIS = YES;
				CLANG_WARN_STRICT_PROTOTYPES = YES;
				CLANG_WARN_SUSPICIOUS_MOVE = YES;
				CLANG_WARN_UNGUARDED_AVAILABILITY = YES_AGGRESSIVE;
				CLANG_WARN_UNREACHABLE_CODE = YES;
				CLANG_WARN__DUPLICATE_METHOD_MATCH = YES;
				COPY_PHASE_STRIP = NO;
				CURRENT_PROJECT_VERSION = 1;
				DEAD_CODE_STRIPPING = YES;
				DEBUG_INFORMATION_FORMAT = "dwarf-with-dsym";
				ENABLE_NS_ASSERTIONS = NO;
				ENABLE_STRICT_OBJC_MSGSEND = YES;
				GCC_C_LANGUAGE_STANDARD = gnu11;
				GCC_NO_COMMON_BLOCKS = YES;
				GCC_WARN_64_TO_32_BIT_CONVERSION = YES;
				GCC_WARN_ABOUT_RETURN_TYPE = YES_ERROR;
				GCC_WARN_UNDECLARED_SELECTOR = YES;
				GCC_WARN_UNINITIALIZED_AUTOS = YES_AGGRESSIVE;
				GCC_WARN_UNUSED_FUNCTION = YES;
				GCC_WARN_UNUSED_VARIABLE = YES;
				MACOSX_DEPLOYMENT_TARGET = 11.5;
				MTL_ENABLE_DEBUG_INFO = NO;
				MTL_FAST_MATH = YES;
				SDKROOT = macosx;
				SWIFT_COMPILATION_MODE = wholemodule;
				SWIFT_OPTIMIZATION_LEVEL = "-O";
				VERSIONING_SYSTEM = "apple-generic";
				VERSION_INFO_PREFIX = "";
			};
			name = Release;
		};
		AF086DFC28EA15FA005657B4 /* Debug */ = {
			isa = XCBuildConfiguration;
			buildSettings = {
				ALLOW_TARGET_PLATFORM_SPECIALIZATION = YES;
				CODE_SIGN_STYLE = Automatic;
				COMBINE_HIDPI_IMAGES = YES;
				CURRENT_PROJECT_VERSION = 1;
				DEAD_CODE_STRIPPING = YES;
				DEFINES_MODULE = YES;
				DEVELOPMENT_TEAM = 4G28F4E9F6;
				DYLIB_COMPATIBILITY_VERSION = 1;
				DYLIB_CURRENT_VERSION = 1;
				DYLIB_INSTALL_NAME_BASE = "@rpath";
				GENERATE_INFOPLIST_FILE = YES;
				INFOPLIST_KEY_NSHumanReadableCopyright = "";
				INSTALL_PATH = "$(LOCAL_LIBRARY_DIR)/Frameworks";
				IPHONEOS_DEPLOYMENT_TARGET = 13.0;
				LD_RUNPATH_SEARCH_PATHS = (
					"$(inherited)",
					"@executable_path/../Frameworks",
					"@loader_path/Frameworks",
				);
				MACOSX_DEPLOYMENT_TARGET = 11.5;
				MARKETING_VERSION = 1.0;
				PRODUCT_BUNDLE_IDENTIFIER = ahmed.elgendy.EssentialFeed;
				PRODUCT_NAME = "$(TARGET_NAME:c99extidentifier)";
				SKIP_INSTALL = YES;
				SUPPORTED_PLATFORMS = "watchsimulator watchos macosx iphonesimulator iphoneos driverkit appletvsimulator appletvos";
				SUPPORTS_MACCATALYST = YES;
				SWIFT_EMIT_LOC_STRINGS = YES;
				SWIFT_VERSION = 5.0;
			};
			name = Debug;
		};
		AF086DFD28EA15FA005657B4 /* Release */ = {
			isa = XCBuildConfiguration;
			buildSettings = {
				ALLOW_TARGET_PLATFORM_SPECIALIZATION = YES;
				CODE_SIGN_STYLE = Automatic;
				COMBINE_HIDPI_IMAGES = YES;
				CURRENT_PROJECT_VERSION = 1;
				DEAD_CODE_STRIPPING = YES;
				DEFINES_MODULE = YES;
				DEVELOPMENT_TEAM = 4G28F4E9F6;
				DYLIB_COMPATIBILITY_VERSION = 1;
				DYLIB_CURRENT_VERSION = 1;
				DYLIB_INSTALL_NAME_BASE = "@rpath";
				GENERATE_INFOPLIST_FILE = YES;
				INFOPLIST_KEY_NSHumanReadableCopyright = "";
				INSTALL_PATH = "$(LOCAL_LIBRARY_DIR)/Frameworks";
				IPHONEOS_DEPLOYMENT_TARGET = 13.0;
				LD_RUNPATH_SEARCH_PATHS = (
					"$(inherited)",
					"@executable_path/../Frameworks",
					"@loader_path/Frameworks",
				);
				MACOSX_DEPLOYMENT_TARGET = 11.5;
				MARKETING_VERSION = 1.0;
				PRODUCT_BUNDLE_IDENTIFIER = ahmed.elgendy.EssentialFeed;
				PRODUCT_NAME = "$(TARGET_NAME:c99extidentifier)";
				SKIP_INSTALL = YES;
				SUPPORTED_PLATFORMS = "watchsimulator watchos macosx iphonesimulator iphoneos driverkit appletvsimulator appletvos";
				SUPPORTS_MACCATALYST = YES;
				SWIFT_EMIT_LOC_STRINGS = YES;
				SWIFT_VERSION = 5.0;
			};
			name = Release;
		};
		AF086DFF28EA15FA005657B4 /* Debug */ = {
			isa = XCBuildConfiguration;
			buildSettings = {
				ALLOW_TARGET_PLATFORM_SPECIALIZATION = YES;
				ALWAYS_EMBED_SWIFT_STANDARD_LIBRARIES = YES;
				CODE_SIGN_STYLE = Automatic;
				CURRENT_PROJECT_VERSION = 1;
				DEAD_CODE_STRIPPING = YES;
				DEVELOPMENT_TEAM = 4G28F4E9F6;
				GENERATE_INFOPLIST_FILE = YES;
				MARKETING_VERSION = 1.0;
				PRODUCT_BUNDLE_IDENTIFIER = ahmed.elgendy.EssentialFeedTests;
				PRODUCT_NAME = "$(TARGET_NAME)";
				SUPPORTED_PLATFORMS = "watchsimulator watchos macosx iphonesimulator iphoneos driverkit appletvsimulator appletvos";
				SUPPORTS_MACCATALYST = YES;
				SWIFT_EMIT_LOC_STRINGS = NO;
				SWIFT_VERSION = 5.0;
			};
			name = Debug;
		};
		AF086E0028EA15FA005657B4 /* Release */ = {
			isa = XCBuildConfiguration;
			buildSettings = {
				ALLOW_TARGET_PLATFORM_SPECIALIZATION = YES;
				ALWAYS_EMBED_SWIFT_STANDARD_LIBRARIES = YES;
				CODE_SIGN_STYLE = Automatic;
				CURRENT_PROJECT_VERSION = 1;
				DEAD_CODE_STRIPPING = YES;
				DEVELOPMENT_TEAM = 4G28F4E9F6;
				GENERATE_INFOPLIST_FILE = YES;
				MARKETING_VERSION = 1.0;
				PRODUCT_BUNDLE_IDENTIFIER = ahmed.elgendy.EssentialFeedTests;
				PRODUCT_NAME = "$(TARGET_NAME)";
				SUPPORTED_PLATFORMS = "watchsimulator watchos macosx iphonesimulator iphoneos driverkit appletvsimulator appletvos";
				SUPPORTS_MACCATALYST = YES;
				SWIFT_EMIT_LOC_STRINGS = NO;
				SWIFT_VERSION = 5.0;
			};
			name = Release;
		};
		AF1836A32905861B003D6B25 /* Debug */ = {
			isa = XCBuildConfiguration;
			buildSettings = {
				ALLOW_TARGET_PLATFORM_SPECIALIZATION = YES;
				CODE_SIGN_STYLE = Automatic;
				CURRENT_PROJECT_VERSION = 1;
				DEAD_CODE_STRIPPING = YES;
				DEVELOPMENT_TEAM = 4G28F4E9F6;
				GENERATE_INFOPLIST_FILE = YES;
				MACOSX_DEPLOYMENT_TARGET = 12.3;
				MARKETING_VERSION = 1.0;
				PRODUCT_BUNDLE_IDENTIFIER = ahmed.elgendy.EssentialFeedCacheIntegrationTests;
				PRODUCT_NAME = "$(TARGET_NAME)";
				SUPPORTED_PLATFORMS = "watchsimulator watchos macosx iphonesimulator iphoneos driverkit appletvsimulator appletvos";
				SUPPORTS_MACCATALYST = YES;
				SWIFT_EMIT_LOC_STRINGS = NO;
				SWIFT_VERSION = 5.0;
			};
			name = Debug;
		};
		AF1836A42905861B003D6B25 /* Release */ = {
			isa = XCBuildConfiguration;
			buildSettings = {
				ALLOW_TARGET_PLATFORM_SPECIALIZATION = YES;
				CODE_SIGN_STYLE = Automatic;
				CURRENT_PROJECT_VERSION = 1;
				DEAD_CODE_STRIPPING = YES;
				DEVELOPMENT_TEAM = 4G28F4E9F6;
				GENERATE_INFOPLIST_FILE = YES;
				MACOSX_DEPLOYMENT_TARGET = 12.3;
				MARKETING_VERSION = 1.0;
				PRODUCT_BUNDLE_IDENTIFIER = ahmed.elgendy.EssentialFeedCacheIntegrationTests;
				PRODUCT_NAME = "$(TARGET_NAME)";
				SUPPORTED_PLATFORMS = "watchsimulator watchos macosx iphonesimulator iphoneos driverkit appletvsimulator appletvos";
				SUPPORTS_MACCATALYST = YES;
				SWIFT_EMIT_LOC_STRINGS = NO;
				SWIFT_VERSION = 5.0;
			};
			name = Release;
		};
		AFD26B4F290D77F40091E9B3 /* Debug */ = {
			isa = XCBuildConfiguration;
			buildSettings = {
				CLANG_CXX_LANGUAGE_STANDARD = "gnu++20";
				CLANG_ENABLE_MODULES = YES;
				CODE_SIGN_STYLE = Automatic;
				CURRENT_PROJECT_VERSION = 1;
				DEFINES_MODULE = YES;
				DEVELOPMENT_TEAM = 4G28F4E9F6;
				DYLIB_COMPATIBILITY_VERSION = 1;
				DYLIB_CURRENT_VERSION = 1;
				DYLIB_INSTALL_NAME_BASE = "@rpath";
				GENERATE_INFOPLIST_FILE = YES;
				INFOPLIST_KEY_NSHumanReadableCopyright = "";
				INSTALL_PATH = "$(LOCAL_LIBRARY_DIR)/Frameworks";
				IPHONEOS_DEPLOYMENT_TARGET = 13.0;
				LD_RUNPATH_SEARCH_PATHS = (
					"$(inherited)",
					"@executable_path/Frameworks",
					"@loader_path/Frameworks",
				);
				MARKETING_VERSION = 1.0;
				PRODUCT_BUNDLE_IDENTIFIER = ahmed.elgendy.EssentialFeediOS;
				PRODUCT_NAME = "$(TARGET_NAME:c99extidentifier)";
				SDKROOT = iphoneos;
				SKIP_INSTALL = YES;
				SUPPORTED_PLATFORMS = "iphoneos iphonesimulator";
				SUPPORTS_MACCATALYST = NO;
				SUPPORTS_MAC_DESIGNED_FOR_IPHONE_IPAD = NO;
				SWIFT_EMIT_LOC_STRINGS = YES;
				SWIFT_OPTIMIZATION_LEVEL = "-Onone";
				SWIFT_VERSION = 5.0;
				TARGETED_DEVICE_FAMILY = "1,2";
			};
			name = Debug;
		};
		AFD26B50290D77F40091E9B3 /* Release */ = {
			isa = XCBuildConfiguration;
			buildSettings = {
				CLANG_CXX_LANGUAGE_STANDARD = "gnu++20";
				CLANG_ENABLE_MODULES = YES;
				CODE_SIGN_STYLE = Automatic;
				CURRENT_PROJECT_VERSION = 1;
				DEFINES_MODULE = YES;
				DEVELOPMENT_TEAM = 4G28F4E9F6;
				DYLIB_COMPATIBILITY_VERSION = 1;
				DYLIB_CURRENT_VERSION = 1;
				DYLIB_INSTALL_NAME_BASE = "@rpath";
				GENERATE_INFOPLIST_FILE = YES;
				INFOPLIST_KEY_NSHumanReadableCopyright = "";
				INSTALL_PATH = "$(LOCAL_LIBRARY_DIR)/Frameworks";
				IPHONEOS_DEPLOYMENT_TARGET = 13.0;
				LD_RUNPATH_SEARCH_PATHS = (
					"$(inherited)",
					"@executable_path/Frameworks",
					"@loader_path/Frameworks",
				);
				MARKETING_VERSION = 1.0;
				PRODUCT_BUNDLE_IDENTIFIER = ahmed.elgendy.EssentialFeediOS;
				PRODUCT_NAME = "$(TARGET_NAME:c99extidentifier)";
				SDKROOT = iphoneos;
				SKIP_INSTALL = YES;
				SUPPORTED_PLATFORMS = "iphoneos iphonesimulator";
				SUPPORTS_MACCATALYST = NO;
				SUPPORTS_MAC_DESIGNED_FOR_IPHONE_IPAD = NO;
				SWIFT_EMIT_LOC_STRINGS = YES;
				SWIFT_VERSION = 5.0;
				TARGETED_DEVICE_FAMILY = "1,2";
				VALIDATE_PRODUCT = YES;
			};
			name = Release;
		};
		AFD26B52290D77F40091E9B3 /* Debug */ = {
			isa = XCBuildConfiguration;
			buildSettings = {
				ALWAYS_EMBED_SWIFT_STANDARD_LIBRARIES = YES;
				CLANG_CXX_LANGUAGE_STANDARD = "gnu++20";
				CLANG_ENABLE_MODULES = YES;
				CODE_SIGN_STYLE = Automatic;
				CURRENT_PROJECT_VERSION = 1;
				DEVELOPMENT_TEAM = 4G28F4E9F6;
				GENERATE_INFOPLIST_FILE = YES;
				IPHONEOS_DEPLOYMENT_TARGET = 13.0;
				LD_RUNPATH_SEARCH_PATHS = (
					"$(inherited)",
					"@executable_path/Frameworks",
					"@loader_path/Frameworks",
				);
				MARKETING_VERSION = 1.0;
				PRODUCT_BUNDLE_IDENTIFIER = ahmed.elgendy.EssentialFeediOSTests;
				PRODUCT_NAME = "$(TARGET_NAME)";
				SDKROOT = iphoneos;
				SUPPORTED_PLATFORMS = "iphoneos iphonesimulator";
				SUPPORTS_MACCATALYST = NO;
				SUPPORTS_MAC_DESIGNED_FOR_IPHONE_IPAD = NO;
				SWIFT_EMIT_LOC_STRINGS = NO;
				SWIFT_OBJC_BRIDGING_HEADER = "EssentialFeediOSTests/EssentialFeediOSTests-Bridging-Header.h";
				SWIFT_OPTIMIZATION_LEVEL = "-Onone";
				SWIFT_VERSION = 5.0;
				TARGETED_DEVICE_FAMILY = "1,2";
			};
			name = Debug;
		};
		AFD26B53290D77F40091E9B3 /* Release */ = {
			isa = XCBuildConfiguration;
			buildSettings = {
				ALWAYS_EMBED_SWIFT_STANDARD_LIBRARIES = YES;
				CLANG_CXX_LANGUAGE_STANDARD = "gnu++20";
				CLANG_ENABLE_MODULES = YES;
				CODE_SIGN_STYLE = Automatic;
				CURRENT_PROJECT_VERSION = 1;
				DEVELOPMENT_TEAM = 4G28F4E9F6;
				GENERATE_INFOPLIST_FILE = YES;
				IPHONEOS_DEPLOYMENT_TARGET = 13.0;
				LD_RUNPATH_SEARCH_PATHS = (
					"$(inherited)",
					"@executable_path/Frameworks",
					"@loader_path/Frameworks",
				);
				MARKETING_VERSION = 1.0;
				PRODUCT_BUNDLE_IDENTIFIER = ahmed.elgendy.EssentialFeediOSTests;
				PRODUCT_NAME = "$(TARGET_NAME)";
				SDKROOT = iphoneos;
				SUPPORTED_PLATFORMS = "iphoneos iphonesimulator";
				SUPPORTS_MACCATALYST = NO;
				SUPPORTS_MAC_DESIGNED_FOR_IPHONE_IPAD = NO;
				SWIFT_EMIT_LOC_STRINGS = NO;
				SWIFT_OBJC_BRIDGING_HEADER = "EssentialFeediOSTests/EssentialFeediOSTests-Bridging-Header.h";
				SWIFT_VERSION = 5.0;
				TARGETED_DEVICE_FAMILY = "1,2";
				VALIDATE_PRODUCT = YES;
			};
			name = Release;
		};
		AFE0C9C428FAB79E0040FB3F /* Debug */ = {
			isa = XCBuildConfiguration;
			buildSettings = {
				ALLOW_TARGET_PLATFORM_SPECIALIZATION = YES;
				CODE_SIGN_STYLE = Automatic;
				CURRENT_PROJECT_VERSION = 1;
				DEAD_CODE_STRIPPING = YES;
				DEVELOPMENT_TEAM = 4G28F4E9F6;
				GENERATE_INFOPLIST_FILE = YES;
				MARKETING_VERSION = 1.0;
				PRODUCT_BUNDLE_IDENTIFIER = ahmed.elgendy.EssentialFeedEndToEndTests;
				PRODUCT_NAME = "$(TARGET_NAME)";
				SUPPORTED_PLATFORMS = "watchsimulator watchos macosx iphonesimulator iphoneos driverkit appletvsimulator appletvos";
				SUPPORTS_MACCATALYST = YES;
				SWIFT_EMIT_LOC_STRINGS = NO;
				SWIFT_VERSION = 5.0;
			};
			name = Debug;
		};
		AFE0C9C528FAB79E0040FB3F /* Release */ = {
			isa = XCBuildConfiguration;
			buildSettings = {
				ALLOW_TARGET_PLATFORM_SPECIALIZATION = YES;
				CODE_SIGN_STYLE = Automatic;
				CURRENT_PROJECT_VERSION = 1;
				DEAD_CODE_STRIPPING = YES;
				DEVELOPMENT_TEAM = 4G28F4E9F6;
				GENERATE_INFOPLIST_FILE = YES;
				MARKETING_VERSION = 1.0;
				PRODUCT_BUNDLE_IDENTIFIER = ahmed.elgendy.EssentialFeedEndToEndTests;
				PRODUCT_NAME = "$(TARGET_NAME)";
				SUPPORTED_PLATFORMS = "watchsimulator watchos macosx iphonesimulator iphoneos driverkit appletvsimulator appletvos";
				SUPPORTS_MACCATALYST = YES;
				SWIFT_EMIT_LOC_STRINGS = NO;
				SWIFT_VERSION = 5.0;
			};
			name = Release;
		};
/* End XCBuildConfiguration section */

/* Begin XCConfigurationList section */
		AF086DE128EA15FA005657B4 /* Build configuration list for PBXProject "EssentialFeed" */ = {
			isa = XCConfigurationList;
			buildConfigurations = (
				AF086DF928EA15FA005657B4 /* Debug */,
				AF086DFA28EA15FA005657B4 /* Release */,
			);
			defaultConfigurationIsVisible = 0;
			defaultConfigurationName = Release;
		};
		AF086DFB28EA15FA005657B4 /* Build configuration list for PBXNativeTarget "EssentialFeed" */ = {
			isa = XCConfigurationList;
			buildConfigurations = (
				AF086DFC28EA15FA005657B4 /* Debug */,
				AF086DFD28EA15FA005657B4 /* Release */,
			);
			defaultConfigurationIsVisible = 0;
			defaultConfigurationName = Release;
		};
		AF086DFE28EA15FA005657B4 /* Build configuration list for PBXNativeTarget "EssentialFeedTests" */ = {
			isa = XCConfigurationList;
			buildConfigurations = (
				AF086DFF28EA15FA005657B4 /* Debug */,
				AF086E0028EA15FA005657B4 /* Release */,
			);
			defaultConfigurationIsVisible = 0;
			defaultConfigurationName = Release;
		};
		AF1836A22905861B003D6B25 /* Build configuration list for PBXNativeTarget "EssentialFeedCacheIntegrationTests" */ = {
			isa = XCConfigurationList;
			buildConfigurations = (
				AF1836A32905861B003D6B25 /* Debug */,
				AF1836A42905861B003D6B25 /* Release */,
			);
			defaultConfigurationIsVisible = 0;
			defaultConfigurationName = Release;
		};
		AFD26B4E290D77F40091E9B3 /* Build configuration list for PBXNativeTarget "EssentialFeediOS" */ = {
			isa = XCConfigurationList;
			buildConfigurations = (
				AFD26B4F290D77F40091E9B3 /* Debug */,
				AFD26B50290D77F40091E9B3 /* Release */,
			);
			defaultConfigurationIsVisible = 0;
			defaultConfigurationName = Release;
		};
		AFD26B51290D77F40091E9B3 /* Build configuration list for PBXNativeTarget "EssentialFeediOSTests" */ = {
			isa = XCConfigurationList;
			buildConfigurations = (
				AFD26B52290D77F40091E9B3 /* Debug */,
				AFD26B53290D77F40091E9B3 /* Release */,
			);
			defaultConfigurationIsVisible = 0;
			defaultConfigurationName = Release;
		};
		AFE0C9C628FAB79E0040FB3F /* Build configuration list for PBXNativeTarget "EssentialFeedEndToEndTests" */ = {
			isa = XCConfigurationList;
			buildConfigurations = (
				AFE0C9C428FAB79E0040FB3F /* Debug */,
				AFE0C9C528FAB79E0040FB3F /* Release */,
			);
			defaultConfigurationIsVisible = 0;
			defaultConfigurationName = Release;
		};
/* End XCConfigurationList section */

/* Begin XCVersionGroup section */
		AF1836882905555C003D6B25 /* FeedStore.xcdatamodeld */ = {
			isa = XCVersionGroup;
			children = (
				AF1836892905555C003D6B25 /* FeedStore.xcdatamodel */,
			);
			currentVersion = AF1836892905555C003D6B25 /* FeedStore.xcdatamodel */;
			path = FeedStore.xcdatamodeld;
			sourceTree = "<group>";
			versionGroupType = wrapper.xcdatamodel;
		};
/* End XCVersionGroup section */
	};
	rootObject = AF086DDE28EA15FA005657B4 /* Project object */;
}
