// !$*UTF8*$!
{
	archiveVersion = 1;
	classes = {
	};
	objectVersion = 56;
	objects = {

/* Begin PBXBuildFile section */
		AF15286A291FB8CD0078B53C /* AppDelegate.swift in Sources */ = {isa = PBXBuildFile; fileRef = AF152869291FB8CD0078B53C /* AppDelegate.swift */; };
		AF15286C291FB8CD0078B53C /* SceneDelegate.swift in Sources */ = {isa = PBXBuildFile; fileRef = AF15286B291FB8CD0078B53C /* SceneDelegate.swift */; };
		AF15286E291FB8CD0078B53C /* ViewController.swift in Sources */ = {isa = PBXBuildFile; fileRef = AF15286D291FB8CD0078B53C /* ViewController.swift */; };
		AF152871291FB8CD0078B53C /* Main.storyboard in Resources */ = {isa = PBXBuildFile; fileRef = AF15286F291FB8CD0078B53C /* Main.storyboard */; };
		AF152873291FB8CE0078B53C /* Assets.xcassets in Resources */ = {isa = PBXBuildFile; fileRef = AF152872291FB8CE0078B53C /* Assets.xcassets */; };
		AF152876291FB8CE0078B53C /* LaunchScreen.storyboard in Resources */ = {isa = PBXBuildFile; fileRef = AF152874291FB8CE0078B53C /* LaunchScreen.storyboard */; };
		AF152881291FB8CE0078B53C /* FeedLoaderWithFallbackCompositeTests.swift in Sources */ = {isa = PBXBuildFile; fileRef = AF152880291FB8CE0078B53C /* FeedLoaderWithFallbackCompositeTests.swift */; };
		AF15289C291FBA5A0078B53C /* EssentialFeed.framework in Frameworks */ = {isa = PBXBuildFile; fileRef = AF15289A291FBA5A0078B53C /* EssentialFeed.framework */; };
		AF15289D291FBA5A0078B53C /* EssentialFeed.framework in Embed Frameworks */ = {isa = PBXBuildFile; fileRef = AF15289A291FBA5A0078B53C /* EssentialFeed.framework */; settings = {ATTRIBUTES = (CodeSignOnCopy, RemoveHeadersOnCopy, ); }; };
		AF15289E291FBA5A0078B53C /* EssentialFeediOS.framework in Frameworks */ = {isa = PBXBuildFile; fileRef = AF15289B291FBA5A0078B53C /* EssentialFeediOS.framework */; };
		AF15289F291FBA5A0078B53C /* EssentialFeediOS.framework in Embed Frameworks */ = {isa = PBXBuildFile; fileRef = AF15289B291FBA5A0078B53C /* EssentialFeediOS.framework */; settings = {ATTRIBUTES = (CodeSignOnCopy, RemoveHeadersOnCopy, ); }; };
		AF209FCD292E62CC00697E12 /* FeedLoaderCacheDecoratorTests.swift in Sources */ = {isa = PBXBuildFile; fileRef = AF209FCC292E62CC00697E12 /* FeedLoaderCacheDecoratorTests.swift */; };
		AF209FCF292E649600697E12 /* FeedLoaderStub.swift in Sources */ = {isa = PBXBuildFile; fileRef = AF209FCE292E649600697E12 /* FeedLoaderStub.swift */; };
		AF209FD1292E65AF00697E12 /* XCTestCase+FeedLoader.swift in Sources */ = {isa = PBXBuildFile; fileRef = AF209FD0292E65AF00697E12 /* XCTestCase+FeedLoader.swift */; };
		AF209FD7292E6FAF00697E12 /* FeedImageDataLoaderCacheDecoratorTests.swift in Sources */ = {isa = PBXBuildFile; fileRef = AF209FD6292E6FAF00697E12 /* FeedImageDataLoaderCacheDecoratorTests.swift */; };
		AF209FD9292E6FF600697E12 /* FeedImageDataLoaderSpy.swift in Sources */ = {isa = PBXBuildFile; fileRef = AF209FD8292E6FF600697E12 /* FeedImageDataLoaderSpy.swift */; };
		AF209FDB292E709000697E12 /* XCTestCase+FeedImageDataLoader.swift in Sources */ = {isa = PBXBuildFile; fileRef = AF209FDA292E709000697E12 /* XCTestCase+FeedImageDataLoader.swift */; };
		AFC9440B29269DE6002871D0 /* FeedLoaderWithFallbackComposite.swift in Sources */ = {isa = PBXBuildFile; fileRef = AFC9440A29269DE6002871D0 /* FeedLoaderWithFallbackComposite.swift */; };
		AFC9440D2926A3F1002871D0 /* FeedImageDataLoaderWithFallbackCompositeTests.swift in Sources */ = {isa = PBXBuildFile; fileRef = AFC9440C2926A3F1002871D0 /* FeedImageDataLoaderWithFallbackCompositeTests.swift */; };
		AFC9440F2926B9CD002871D0 /* FeedImageDataLoaderWithFallbackComposite.swift in Sources */ = {isa = PBXBuildFile; fileRef = AFC9440E2926B9CD002871D0 /* FeedImageDataLoaderWithFallbackComposite.swift */; };
		AFC944122926BA3C002871D0 /* XCTestCase+MemoryLeakTracking.swift in Sources */ = {isa = PBXBuildFile; fileRef = AFC944112926BA3C002871D0 /* XCTestCase+MemoryLeakTracking.swift */; };
		AFC944142926BAE5002871D0 /* SharedTestHelpers.swift in Sources */ = {isa = PBXBuildFile; fileRef = AFC944132926BAE5002871D0 /* SharedTestHelpers.swift */; };
/* End PBXBuildFile section */

/* Begin PBXContainerItemProxy section */
		AF15287D291FB8CE0078B53C /* PBXContainerItemProxy */ = {
			isa = PBXContainerItemProxy;
			containerPortal = AF15285E291FB8CD0078B53C /* Project object */;
			proxyType = 1;
			remoteGlobalIDString = AF152865291FB8CD0078B53C;
			remoteInfo = EssentialApp;
		};
		AF152887291FB8CE0078B53C /* PBXContainerItemProxy */ = {
			isa = PBXContainerItemProxy;
			containerPortal = AF15285E291FB8CD0078B53C /* Project object */;
			proxyType = 1;
			remoteGlobalIDString = AF152865291FB8CD0078B53C;
			remoteInfo = EssentialApp;
		};
/* End PBXContainerItemProxy section */

/* Begin PBXCopyFilesBuildPhase section */
		AF1528A0291FBA5A0078B53C /* Embed Frameworks */ = {
			isa = PBXCopyFilesBuildPhase;
			buildActionMask = 2147483647;
			dstPath = "";
			dstSubfolderSpec = 10;
			files = (
				AF15289D291FBA5A0078B53C /* EssentialFeed.framework in Embed Frameworks */,
				AF15289F291FBA5A0078B53C /* EssentialFeediOS.framework in Embed Frameworks */,
			);
			name = "Embed Frameworks";
			runOnlyForDeploymentPostprocessing = 0;
		};
/* End PBXCopyFilesBuildPhase section */

/* Begin PBXFileReference section */
		AF152866291FB8CD0078B53C /* EssentialApp.app */ = {isa = PBXFileReference; explicitFileType = wrapper.application; includeInIndex = 0; path = EssentialApp.app; sourceTree = BUILT_PRODUCTS_DIR; };
		AF152869291FB8CD0078B53C /* AppDelegate.swift */ = {isa = PBXFileReference; lastKnownFileType = sourcecode.swift; path = AppDelegate.swift; sourceTree = "<group>"; };
		AF15286B291FB8CD0078B53C /* SceneDelegate.swift */ = {isa = PBXFileReference; lastKnownFileType = sourcecode.swift; path = SceneDelegate.swift; sourceTree = "<group>"; };
		AF15286D291FB8CD0078B53C /* ViewController.swift */ = {isa = PBXFileReference; lastKnownFileType = sourcecode.swift; path = ViewController.swift; sourceTree = "<group>"; };
		AF152870291FB8CD0078B53C /* Base */ = {isa = PBXFileReference; lastKnownFileType = file.storyboard; name = Base; path = Base.lproj/Main.storyboard; sourceTree = "<group>"; };
		AF152872291FB8CE0078B53C /* Assets.xcassets */ = {isa = PBXFileReference; lastKnownFileType = folder.assetcatalog; path = Assets.xcassets; sourceTree = "<group>"; };
		AF152875291FB8CE0078B53C /* Base */ = {isa = PBXFileReference; lastKnownFileType = file.storyboard; name = Base; path = Base.lproj/LaunchScreen.storyboard; sourceTree = "<group>"; };
		AF152877291FB8CE0078B53C /* Info.plist */ = {isa = PBXFileReference; lastKnownFileType = text.plist.xml; path = Info.plist; sourceTree = "<group>"; };
		AF15287C291FB8CE0078B53C /* EssentialAppTests.xctest */ = {isa = PBXFileReference; explicitFileType = wrapper.cfbundle; includeInIndex = 0; path = EssentialAppTests.xctest; sourceTree = BUILT_PRODUCTS_DIR; };
		AF152880291FB8CE0078B53C /* FeedLoaderWithFallbackCompositeTests.swift */ = {isa = PBXFileReference; lastKnownFileType = sourcecode.swift; path = FeedLoaderWithFallbackCompositeTests.swift; sourceTree = "<group>"; };
		AF152886291FB8CE0078B53C /* EssentialAppUITests.xctest */ = {isa = PBXFileReference; explicitFileType = wrapper.cfbundle; includeInIndex = 0; path = EssentialAppUITests.xctest; sourceTree = BUILT_PRODUCTS_DIR; };
		AF15289A291FBA5A0078B53C /* EssentialFeed.framework */ = {isa = PBXFileReference; explicitFileType = wrapper.framework; path = EssentialFeed.framework; sourceTree = BUILT_PRODUCTS_DIR; };
		AF15289B291FBA5A0078B53C /* EssentialFeediOS.framework */ = {isa = PBXFileReference; explicitFileType = wrapper.framework; path = EssentialFeediOS.framework; sourceTree = BUILT_PRODUCTS_DIR; };
		AF209FCC292E62CC00697E12 /* FeedLoaderCacheDecoratorTests.swift */ = {isa = PBXFileReference; lastKnownFileType = sourcecode.swift; path = FeedLoaderCacheDecoratorTests.swift; sourceTree = "<group>"; };
		AF209FCE292E649600697E12 /* FeedLoaderStub.swift */ = {isa = PBXFileReference; lastKnownFileType = sourcecode.swift; path = FeedLoaderStub.swift; sourceTree = "<group>"; };
		AF209FD0292E65AF00697E12 /* XCTestCase+FeedLoader.swift */ = {isa = PBXFileReference; lastKnownFileType = sourcecode.swift; path = "XCTestCase+FeedLoader.swift"; sourceTree = "<group>"; };
		AF209FD6292E6FAF00697E12 /* FeedImageDataLoaderCacheDecoratorTests.swift */ = {isa = PBXFileReference; lastKnownFileType = sourcecode.swift; path = FeedImageDataLoaderCacheDecoratorTests.swift; sourceTree = "<group>"; };
		AF209FD8292E6FF600697E12 /* FeedImageDataLoaderSpy.swift */ = {isa = PBXFileReference; lastKnownFileType = sourcecode.swift; path = FeedImageDataLoaderSpy.swift; sourceTree = "<group>"; };
		AF209FDA292E709000697E12 /* XCTestCase+FeedImageDataLoader.swift */ = {isa = PBXFileReference; lastKnownFileType = sourcecode.swift; path = "XCTestCase+FeedImageDataLoader.swift"; sourceTree = "<group>"; };
		AFC9440A29269DE6002871D0 /* FeedLoaderWithFallbackComposite.swift */ = {isa = PBXFileReference; lastKnownFileType = sourcecode.swift; path = FeedLoaderWithFallbackComposite.swift; sourceTree = "<group>"; };
		AFC9440C2926A3F1002871D0 /* FeedImageDataLoaderWithFallbackCompositeTests.swift */ = {isa = PBXFileReference; lastKnownFileType = sourcecode.swift; path = FeedImageDataLoaderWithFallbackCompositeTests.swift; sourceTree = "<group>"; };
		AFC9440E2926B9CD002871D0 /* FeedImageDataLoaderWithFallbackComposite.swift */ = {isa = PBXFileReference; lastKnownFileType = sourcecode.swift; path = FeedImageDataLoaderWithFallbackComposite.swift; sourceTree = "<group>"; };
		AFC944112926BA3C002871D0 /* XCTestCase+MemoryLeakTracking.swift */ = {isa = PBXFileReference; lastKnownFileType = sourcecode.swift; path = "XCTestCase+MemoryLeakTracking.swift"; sourceTree = "<group>"; };
		AFC944132926BAE5002871D0 /* SharedTestHelpers.swift */ = {isa = PBXFileReference; lastKnownFileType = sourcecode.swift; path = SharedTestHelpers.swift; sourceTree = "<group>"; };
/* End PBXFileReference section */

/* Begin PBXFrameworksBuildPhase section */
		AF152863291FB8CD0078B53C /* Frameworks */ = {
			isa = PBXFrameworksBuildPhase;
			buildActionMask = 2147483647;
			files = (
				AF15289C291FBA5A0078B53C /* EssentialFeed.framework in Frameworks */,
				AF15289E291FBA5A0078B53C /* EssentialFeediOS.framework in Frameworks */,
			);
			runOnlyForDeploymentPostprocessing = 0;
		};
		AF152879291FB8CE0078B53C /* Frameworks */ = {
			isa = PBXFrameworksBuildPhase;
			buildActionMask = 2147483647;
			files = (
			);
			runOnlyForDeploymentPostprocessing = 0;
		};
		AF152883291FB8CE0078B53C /* Frameworks */ = {
			isa = PBXFrameworksBuildPhase;
			buildActionMask = 2147483647;
			files = (
			);
			runOnlyForDeploymentPostprocessing = 0;
		};
/* End PBXFrameworksBuildPhase section */

/* Begin PBXGroup section */
		AF15285D291FB8CD0078B53C = {
			isa = PBXGroup;
			children = (
				AF152868291FB8CD0078B53C /* EssentialApp */,
				AF15287F291FB8CE0078B53C /* EssentialAppTests */,
				AF152867291FB8CD0078B53C /* Products */,
				AF152899291FBA5A0078B53C /* Frameworks */,
			);
			sourceTree = "<group>";
		};
		AF152867291FB8CD0078B53C /* Products */ = {
			isa = PBXGroup;
			children = (
				AF152866291FB8CD0078B53C /* EssentialApp.app */,
				AF15287C291FB8CE0078B53C /* EssentialAppTests.xctest */,
				AF152886291FB8CE0078B53C /* EssentialAppUITests.xctest */,
			);
			name = Products;
			sourceTree = "<group>";
		};
		AF152868291FB8CD0078B53C /* EssentialApp */ = {
			isa = PBXGroup;
			children = (
				AF152869291FB8CD0078B53C /* AppDelegate.swift */,
				AF15286B291FB8CD0078B53C /* SceneDelegate.swift */,
				AF15286D291FB8CD0078B53C /* ViewController.swift */,
				AF15286F291FB8CD0078B53C /* Main.storyboard */,
				AF152872291FB8CE0078B53C /* Assets.xcassets */,
				AF152874291FB8CE0078B53C /* LaunchScreen.storyboard */,
				AF152877291FB8CE0078B53C /* Info.plist */,
				AFC9440A29269DE6002871D0 /* FeedLoaderWithFallbackComposite.swift */,
				AFC9440E2926B9CD002871D0 /* FeedImageDataLoaderWithFallbackComposite.swift */,
			);
			path = EssentialApp;
			sourceTree = "<group>";
		};
		AF15287F291FB8CE0078B53C /* EssentialAppTests */ = {
			isa = PBXGroup;
			children = (
				AFC944102926BA32002871D0 /* Helpers */,
				AF152880291FB8CE0078B53C /* FeedLoaderWithFallbackCompositeTests.swift */,
				AFC9440C2926A3F1002871D0 /* FeedImageDataLoaderWithFallbackCompositeTests.swift */,
				AF209FCC292E62CC00697E12 /* FeedLoaderCacheDecoratorTests.swift */,
				AF209FD6292E6FAF00697E12 /* FeedImageDataLoaderCacheDecoratorTests.swift */,
			);
			path = EssentialAppTests;
			sourceTree = "<group>";
		};
		AF152899291FBA5A0078B53C /* Frameworks */ = {
			isa = PBXGroup;
			children = (
				AF15289A291FBA5A0078B53C /* EssentialFeed.framework */,
				AF15289B291FBA5A0078B53C /* EssentialFeediOS.framework */,
			);
			name = Frameworks;
			sourceTree = "<group>";
		};
		AFC944102926BA32002871D0 /* Helpers */ = {
			isa = PBXGroup;
			children = (
				AFC944112926BA3C002871D0 /* XCTestCase+MemoryLeakTracking.swift */,
				AF209FCE292E649600697E12 /* FeedLoaderStub.swift */,
				AFC944132926BAE5002871D0 /* SharedTestHelpers.swift */,
				AF209FD0292E65AF00697E12 /* XCTestCase+FeedLoader.swift */,
				AF209FD8292E6FF600697E12 /* FeedImageDataLoaderSpy.swift */,
				AF209FDA292E709000697E12 /* XCTestCase+FeedImageDataLoader.swift */,
			);
			path = Helpers;
			sourceTree = "<group>";
		};
/* End PBXGroup section */

/* Begin PBXNativeTarget section */
		AF152865291FB8CD0078B53C /* EssentialApp */ = {
			isa = PBXNativeTarget;
			buildConfigurationList = AF152890291FB8CE0078B53C /* Build configuration list for PBXNativeTarget "EssentialApp" */;
			buildPhases = (
				AF152862291FB8CD0078B53C /* Sources */,
				AF152863291FB8CD0078B53C /* Frameworks */,
				AF152864291FB8CD0078B53C /* Resources */,
				AF1528A0291FBA5A0078B53C /* Embed Frameworks */,
			);
			buildRules = (
			);
			dependencies = (
			);
			name = EssentialApp;
			productName = EssentialApp;
			productReference = AF152866291FB8CD0078B53C /* EssentialApp.app */;
			productType = "com.apple.product-type.application";
		};
		AF15287B291FB8CE0078B53C /* EssentialAppTests */ = {
			isa = PBXNativeTarget;
			buildConfigurationList = AF152893291FB8CE0078B53C /* Build configuration list for PBXNativeTarget "EssentialAppTests" */;
			buildPhases = (
				AF152878291FB8CE0078B53C /* Sources */,
				AF152879291FB8CE0078B53C /* Frameworks */,
				AF15287A291FB8CE0078B53C /* Resources */,
			);
			buildRules = (
			);
			dependencies = (
				AF15287E291FB8CE0078B53C /* PBXTargetDependency */,
			);
			name = EssentialAppTests;
			productName = EssentialAppTests;
			productReference = AF15287C291FB8CE0078B53C /* EssentialAppTests.xctest */;
			productType = "com.apple.product-type.bundle.unit-test";
		};
		AF152885291FB8CE0078B53C /* EssentialAppUITests */ = {
			isa = PBXNativeTarget;
			buildConfigurationList = AF152896291FB8CE0078B53C /* Build configuration list for PBXNativeTarget "EssentialAppUITests" */;
			buildPhases = (
				AF152882291FB8CE0078B53C /* Sources */,
				AF152883291FB8CE0078B53C /* Frameworks */,
				AF152884291FB8CE0078B53C /* Resources */,
			);
			buildRules = (
			);
			dependencies = (
				AF152888291FB8CE0078B53C /* PBXTargetDependency */,
			);
			name = EssentialAppUITests;
			productName = EssentialAppUITests;
			productReference = AF152886291FB8CE0078B53C /* EssentialAppUITests.xctest */;
			productType = "com.apple.product-type.bundle.ui-testing";
		};
/* End PBXNativeTarget section */

/* Begin PBXProject section */
		AF15285E291FB8CD0078B53C /* Project object */ = {
			isa = PBXProject;
			attributes = {
				BuildIndependentTargetsInParallel = 1;
				LastSwiftUpdateCheck = 1410;
				LastUpgradeCheck = 1410;
				TargetAttributes = {
					AF152865291FB8CD0078B53C = {
						CreatedOnToolsVersion = 14.1;
					};
					AF15287B291FB8CE0078B53C = {
						CreatedOnToolsVersion = 14.1;
						TestTargetID = AF152865291FB8CD0078B53C;
					};
					AF152885291FB8CE0078B53C = {
						CreatedOnToolsVersion = 14.1;
						TestTargetID = AF152865291FB8CD0078B53C;
					};
				};
			};
			buildConfigurationList = AF152861291FB8CD0078B53C /* Build configuration list for PBXProject "EssentialApp" */;
			compatibilityVersion = "Xcode 14.0";
			developmentRegion = en;
			hasScannedForEncodings = 0;
			knownRegions = (
				en,
				Base,
			);
			mainGroup = AF15285D291FB8CD0078B53C;
			productRefGroup = AF152867291FB8CD0078B53C /* Products */;
			projectDirPath = "";
			projectRoot = "";
			targets = (
				AF152865291FB8CD0078B53C /* EssentialApp */,
				AF15287B291FB8CE0078B53C /* EssentialAppTests */,
				AF152885291FB8CE0078B53C /* EssentialAppUITests */,
			);
		};
/* End PBXProject section */

/* Begin PBXResourcesBuildPhase section */
		AF152864291FB8CD0078B53C /* Resources */ = {
			isa = PBXResourcesBuildPhase;
			buildActionMask = 2147483647;
			files = (
				AF152876291FB8CE0078B53C /* LaunchScreen.storyboard in Resources */,
				AF152873291FB8CE0078B53C /* Assets.xcassets in Resources */,
				AF152871291FB8CD0078B53C /* Main.storyboard in Resources */,
			);
			runOnlyForDeploymentPostprocessing = 0;
		};
		AF15287A291FB8CE0078B53C /* Resources */ = {
			isa = PBXResourcesBuildPhase;
			buildActionMask = 2147483647;
			files = (
			);
			runOnlyForDeploymentPostprocessing = 0;
		};
		AF152884291FB8CE0078B53C /* Resources */ = {
			isa = PBXResourcesBuildPhase;
			buildActionMask = 2147483647;
			files = (
			);
			runOnlyForDeploymentPostprocessing = 0;
		};
/* End PBXResourcesBuildPhase section */

/* Begin PBXSourcesBuildPhase section */
		AF152862291FB8CD0078B53C /* Sources */ = {
			isa = PBXSourcesBuildPhase;
			buildActionMask = 2147483647;
			files = (
				AF15286E291FB8CD0078B53C /* ViewController.swift in Sources */,
				AF15286A291FB8CD0078B53C /* AppDelegate.swift in Sources */,
				AFC9440B29269DE6002871D0 /* FeedLoaderWithFallbackComposite.swift in Sources */,
				AF15286C291FB8CD0078B53C /* SceneDelegate.swift in Sources */,
				AFC9440F2926B9CD002871D0 /* FeedImageDataLoaderWithFallbackComposite.swift in Sources */,
			);
			runOnlyForDeploymentPostprocessing = 0;
		};
		AF152878291FB8CE0078B53C /* Sources */ = {
			isa = PBXSourcesBuildPhase;
			buildActionMask = 2147483647;
			files = (
				AFC9440D2926A3F1002871D0 /* FeedImageDataLoaderWithFallbackCompositeTests.swift in Sources */,
				AF209FD7292E6FAF00697E12 /* FeedImageDataLoaderCacheDecoratorTests.swift in Sources */,
				AF209FD1292E65AF00697E12 /* XCTestCase+FeedLoader.swift in Sources */,
				AF209FDB292E709000697E12 /* XCTestCase+FeedImageDataLoader.swift in Sources */,
				AF209FCD292E62CC00697E12 /* FeedLoaderCacheDecoratorTests.swift in Sources */,
				AF209FD9292E6FF600697E12 /* FeedImageDataLoaderSpy.swift in Sources */,
				AFC944142926BAE5002871D0 /* SharedTestHelpers.swift in Sources */,
				AF152881291FB8CE0078B53C /* FeedLoaderWithFallbackCompositeTests.swift in Sources */,
				AF209FCF292E649600697E12 /* FeedLoaderStub.swift in Sources */,
				AFC944122926BA3C002871D0 /* XCTestCase+MemoryLeakTracking.swift in Sources */,
			);
			runOnlyForDeploymentPostprocessing = 0;
		};
		AF152882291FB8CE0078B53C /* Sources */ = {
			isa = PBXSourcesBuildPhase;
			buildActionMask = 2147483647;
			files = (
			);
			runOnlyForDeploymentPostprocessing = 0;
		};
/* End PBXSourcesBuildPhase section */

/* Begin PBXTargetDependency section */
		AF15287E291FB8CE0078B53C /* PBXTargetDependency */ = {
			isa = PBXTargetDependency;
			target = AF152865291FB8CD0078B53C /* EssentialApp */;
			targetProxy = AF15287D291FB8CE0078B53C /* PBXContainerItemProxy */;
		};
		AF152888291FB8CE0078B53C /* PBXTargetDependency */ = {
			isa = PBXTargetDependency;
			target = AF152865291FB8CD0078B53C /* EssentialApp */;
			targetProxy = AF152887291FB8CE0078B53C /* PBXContainerItemProxy */;
		};
/* End PBXTargetDependency section */

/* Begin PBXVariantGroup section */
		AF15286F291FB8CD0078B53C /* Main.storyboard */ = {
			isa = PBXVariantGroup;
			children = (
				AF152870291FB8CD0078B53C /* Base */,
			);
			name = Main.storyboard;
			sourceTree = "<group>";
		};
		AF152874291FB8CE0078B53C /* LaunchScreen.storyboard */ = {
			isa = PBXVariantGroup;
			children = (
				AF152875291FB8CE0078B53C /* Base */,
			);
			name = LaunchScreen.storyboard;
			sourceTree = "<group>";
		};
/* End PBXVariantGroup section */

/* Begin XCBuildConfiguration section */
		AF15288E291FB8CE0078B53C /* Debug */ = {
			isa = XCBuildConfiguration;
			buildSettings = {
				ALWAYS_SEARCH_USER_PATHS = NO;
				CLANG_ANALYZER_NONNULL = YES;
				CLANG_ANALYZER_NUMBER_OBJECT_CONVERSION = YES_AGGRESSIVE;
				CLANG_CXX_LANGUAGE_STANDARD = "gnu++20";
				CLANG_ENABLE_MODULES = YES;
				CLANG_ENABLE_OBJC_ARC = YES;
				CLANG_ENABLE_OBJC_WEAK = YES;
				CLANG_WARN_BLOCK_CAPTURE_AUTORELEASING = YES;
				CLANG_WARN_BOOL_CONVERSION = YES;
				CLANG_WARN_COMMA = YES;
				CLANG_WARN_CONSTANT_CONVERSION = YES;
				CLANG_WARN_DEPRECATED_OBJC_IMPLEMENTATIONS = YES;
				CLANG_WARN_DIRECT_OBJC_ISA_USAGE = YES_ERROR;
				CLANG_WARN_DOCUMENTATION_COMMENTS = YES;
				CLANG_WARN_EMPTY_BODY = YES;
				CLANG_WARN_ENUM_CONVERSION = YES;
				CLANG_WARN_INFINITE_RECURSION = YES;
				CLANG_WARN_INT_CONVERSION = YES;
				CLANG_WARN_NON_LITERAL_NULL_CONVERSION = YES;
				CLANG_WARN_OBJC_IMPLICIT_RETAIN_SELF = YES;
				CLANG_WARN_OBJC_LITERAL_CONVERSION = YES;
				CLANG_WARN_OBJC_ROOT_CLASS = YES_ERROR;
				CLANG_WARN_QUOTED_INCLUDE_IN_FRAMEWORK_HEADER = YES;
				CLANG_WARN_RANGE_LOOP_ANALYSIS = YES;
				CLANG_WARN_STRICT_PROTOTYPES = YES;
				CLANG_WARN_SUSPICIOUS_MOVE = YES;
				CLANG_WARN_UNGUARDED_AVAILABILITY = YES_AGGRESSIVE;
				CLANG_WARN_UNREACHABLE_CODE = YES;
				CLANG_WARN__DUPLICATE_METHOD_MATCH = YES;
				COPY_PHASE_STRIP = NO;
				DEBUG_INFORMATION_FORMAT = dwarf;
				ENABLE_STRICT_OBJC_MSGSEND = YES;
				ENABLE_TESTABILITY = YES;
				GCC_C_LANGUAGE_STANDARD = gnu11;
				GCC_DYNAMIC_NO_PIC = NO;
				GCC_NO_COMMON_BLOCKS = YES;
				GCC_OPTIMIZATION_LEVEL = 0;
				GCC_PREPROCESSOR_DEFINITIONS = (
					"DEBUG=1",
					"$(inherited)",
				);
				GCC_WARN_64_TO_32_BIT_CONVERSION = YES;
				GCC_WARN_ABOUT_RETURN_TYPE = YES_ERROR;
				GCC_WARN_UNDECLARED_SELECTOR = YES;
				GCC_WARN_UNINITIALIZED_AUTOS = YES_AGGRESSIVE;
				GCC_WARN_UNUSED_FUNCTION = YES;
				GCC_WARN_UNUSED_VARIABLE = YES;
				IPHONEOS_DEPLOYMENT_TARGET = 16.1;
				MTL_ENABLE_DEBUG_INFO = INCLUDE_SOURCE;
				MTL_FAST_MATH = YES;
				ONLY_ACTIVE_ARCH = YES;
				SDKROOT = iphoneos;
				SWIFT_ACTIVE_COMPILATION_CONDITIONS = DEBUG;
				SWIFT_OPTIMIZATION_LEVEL = "-Onone";
			};
			name = Debug;
		};
		AF15288F291FB8CE0078B53C /* Release */ = {
			isa = XCBuildConfiguration;
			buildSettings = {
				ALWAYS_SEARCH_USER_PATHS = NO;
				CLANG_ANALYZER_NONNULL = YES;
				CLANG_ANALYZER_NUMBER_OBJECT_CONVERSION = YES_AGGRESSIVE;
				CLANG_CXX_LANGUAGE_STANDARD = "gnu++20";
				CLANG_ENABLE_MODULES = YES;
				CLANG_ENABLE_OBJC_ARC = YES;
				CLANG_ENABLE_OBJC_WEAK = YES;
				CLANG_WARN_BLOCK_CAPTURE_AUTORELEASING = YES;
				CLANG_WARN_BOOL_CONVERSION = YES;
				CLANG_WARN_COMMA = YES;
				CLANG_WARN_CONSTANT_CONVERSION = YES;
				CLANG_WARN_DEPRECATED_OBJC_IMPLEMENTATIONS = YES;
				CLANG_WARN_DIRECT_OBJC_ISA_USAGE = YES_ERROR;
				CLANG_WARN_DOCUMENTATION_COMMENTS = YES;
				CLANG_WARN_EMPTY_BODY = YES;
				CLANG_WARN_ENUM_CONVERSION = YES;
				CLANG_WARN_INFINITE_RECURSION = YES;
				CLANG_WARN_INT_CONVERSION = YES;
				CLANG_WARN_NON_LITERAL_NULL_CONVERSION = YES;
				CLANG_WARN_OBJC_IMPLICIT_RETAIN_SELF = YES;
				CLANG_WARN_OBJC_LITERAL_CONVERSION = YES;
				CLANG_WARN_OBJC_ROOT_CLASS = YES_ERROR;
				CLANG_WARN_QUOTED_INCLUDE_IN_FRAMEWORK_HEADER = YES;
				CLANG_WARN_RANGE_LOOP_ANALYSIS = YES;
				CLANG_WARN_STRICT_PROTOTYPES = YES;
				CLANG_WARN_SUSPICIOUS_MOVE = YES;
				CLANG_WARN_UNGUARDED_AVAILABILITY = YES_AGGRESSIVE;
				CLANG_WARN_UNREACHABLE_CODE = YES;
				CLANG_WARN__DUPLICATE_METHOD_MATCH = YES;
				COPY_PHASE_STRIP = NO;
				DEBUG_INFORMATION_FORMAT = "dwarf-with-dsym";
				ENABLE_NS_ASSERTIONS = NO;
				ENABLE_STRICT_OBJC_MSGSEND = YES;
				GCC_C_LANGUAGE_STANDARD = gnu11;
				GCC_NO_COMMON_BLOCKS = YES;
				GCC_WARN_64_TO_32_BIT_CONVERSION = YES;
				GCC_WARN_ABOUT_RETURN_TYPE = YES_ERROR;
				GCC_WARN_UNDECLARED_SELECTOR = YES;
				GCC_WARN_UNINITIALIZED_AUTOS = YES_AGGRESSIVE;
				GCC_WARN_UNUSED_FUNCTION = YES;
				GCC_WARN_UNUSED_VARIABLE = YES;
				IPHONEOS_DEPLOYMENT_TARGET = 16.1;
				MTL_ENABLE_DEBUG_INFO = NO;
				MTL_FAST_MATH = YES;
				SDKROOT = iphoneos;
				SWIFT_COMPILATION_MODE = wholemodule;
				SWIFT_OPTIMIZATION_LEVEL = "-O";
				VALIDATE_PRODUCT = YES;
			};
			name = Release;
		};
		AF152891291FB8CE0078B53C /* Debug */ = {
			isa = XCBuildConfiguration;
			buildSettings = {
				ASSETCATALOG_COMPILER_APPICON_NAME = AppIcon;
				ASSETCATALOG_COMPILER_GLOBAL_ACCENT_COLOR_NAME = AccentColor;
				CODE_SIGN_STYLE = Automatic;
				CURRENT_PROJECT_VERSION = 1;
				DEVELOPMENT_TEAM = 4G28F4E9F6;
				GENERATE_INFOPLIST_FILE = YES;
				INFOPLIST_FILE = EssentialApp/Info.plist;
				INFOPLIST_KEY_UIApplicationSupportsIndirectInputEvents = YES;
				INFOPLIST_KEY_UILaunchStoryboardName = LaunchScreen;
				INFOPLIST_KEY_UIMainStoryboardFile = Main;
				INFOPLIST_KEY_UISupportedInterfaceOrientations_iPad = "UIInterfaceOrientationPortrait UIInterfaceOrientationPortraitUpsideDown UIInterfaceOrientationLandscapeLeft UIInterfaceOrientationLandscapeRight";
				INFOPLIST_KEY_UISupportedInterfaceOrientations_iPhone = "UIInterfaceOrientationPortrait UIInterfaceOrientationLandscapeLeft UIInterfaceOrientationLandscapeRight";
				LD_RUNPATH_SEARCH_PATHS = (
					"$(inherited)",
					"@executable_path/Frameworks",
				);
				MARKETING_VERSION = 1.0;
				PRODUCT_BUNDLE_IDENTIFIER = ahmed.elgendy.EssentialApp;
				PRODUCT_NAME = "$(TARGET_NAME)";
				SWIFT_EMIT_LOC_STRINGS = YES;
				SWIFT_VERSION = 5.0;
				TARGETED_DEVICE_FAMILY = "1,2";
			};
			name = Debug;
		};
		AF152892291FB8CE0078B53C /* Release */ = {
			isa = XCBuildConfiguration;
			buildSettings = {
				ASSETCATALOG_COMPILER_APPICON_NAME = AppIcon;
				ASSETCATALOG_COMPILER_GLOBAL_ACCENT_COLOR_NAME = AccentColor;
				CODE_SIGN_STYLE = Automatic;
				CURRENT_PROJECT_VERSION = 1;
				DEVELOPMENT_TEAM = 4G28F4E9F6;
				GENERATE_INFOPLIST_FILE = YES;
				INFOPLIST_FILE = EssentialApp/Info.plist;
				INFOPLIST_KEY_UIApplicationSupportsIndirectInputEvents = YES;
				INFOPLIST_KEY_UILaunchStoryboardName = LaunchScreen;
				INFOPLIST_KEY_UIMainStoryboardFile = Main;
				INFOPLIST_KEY_UISupportedInterfaceOrientations_iPad = "UIInterfaceOrientationPortrait UIInterfaceOrientationPortraitUpsideDown UIInterfaceOrientationLandscapeLeft UIInterfaceOrientationLandscapeRight";
				INFOPLIST_KEY_UISupportedInterfaceOrientations_iPhone = "UIInterfaceOrientationPortrait UIInterfaceOrientationLandscapeLeft UIInterfaceOrientationLandscapeRight";
				LD_RUNPATH_SEARCH_PATHS = (
					"$(inherited)",
					"@executable_path/Frameworks",
				);
				MARKETING_VERSION = 1.0;
				PRODUCT_BUNDLE_IDENTIFIER = ahmed.elgendy.EssentialApp;
				PRODUCT_NAME = "$(TARGET_NAME)";
				SWIFT_EMIT_LOC_STRINGS = YES;
				SWIFT_VERSION = 5.0;
				TARGETED_DEVICE_FAMILY = "1,2";
			};
			name = Release;
		};
		AF152894291FB8CE0078B53C /* Debug */ = {
			isa = XCBuildConfiguration;
			buildSettings = {
				ALWAYS_EMBED_SWIFT_STANDARD_LIBRARIES = YES;
				BUNDLE_LOADER = "$(TEST_HOST)";
				CODE_SIGN_STYLE = Automatic;
				CURRENT_PROJECT_VERSION = 1;
				DEVELOPMENT_TEAM = 4G28F4E9F6;
				GENERATE_INFOPLIST_FILE = YES;
				IPHONEOS_DEPLOYMENT_TARGET = 16.1;
				MARKETING_VERSION = 1.0;
				PRODUCT_BUNDLE_IDENTIFIER = ahmed.elgendy.EssentialAppTests;
				PRODUCT_NAME = "$(TARGET_NAME)";
				SWIFT_EMIT_LOC_STRINGS = NO;
				SWIFT_VERSION = 5.0;
				TARGETED_DEVICE_FAMILY = "1,2";
				TEST_HOST = "$(BUILT_PRODUCTS_DIR)/EssentialApp.app/$(BUNDLE_EXECUTABLE_FOLDER_PATH)/EssentialApp";
			};
			name = Debug;
		};
		AF152895291FB8CE0078B53C /* Release */ = {
			isa = XCBuildConfiguration;
			buildSettings = {
				ALWAYS_EMBED_SWIFT_STANDARD_LIBRARIES = YES;
				BUNDLE_LOADER = "$(TEST_HOST)";
				CODE_SIGN_STYLE = Automatic;
				CURRENT_PROJECT_VERSION = 1;
				DEVELOPMENT_TEAM = 4G28F4E9F6;
				GENERATE_INFOPLIST_FILE = YES;
				IPHONEOS_DEPLOYMENT_TARGET = 16.1;
				MARKETING_VERSION = 1.0;
				PRODUCT_BUNDLE_IDENTIFIER = ahmed.elgendy.EssentialAppTests;
				PRODUCT_NAME = "$(TARGET_NAME)";
				SWIFT_EMIT_LOC_STRINGS = NO;
				SWIFT_VERSION = 5.0;
				TARGETED_DEVICE_FAMILY = "1,2";
				TEST_HOST = "$(BUILT_PRODUCTS_DIR)/EssentialApp.app/$(BUNDLE_EXECUTABLE_FOLDER_PATH)/EssentialApp";
			};
			name = Release;
		};
		AF152897291FB8CE0078B53C /* Debug */ = {
			isa = XCBuildConfiguration;
			buildSettings = {
				ALWAYS_EMBED_SWIFT_STANDARD_LIBRARIES = YES;
				CODE_SIGN_STYLE = Automatic;
				CURRENT_PROJECT_VERSION = 1;
				DEVELOPMENT_TEAM = 4G28F4E9F6;
				GENERATE_INFOPLIST_FILE = YES;
				MARKETING_VERSION = 1.0;
				PRODUCT_BUNDLE_IDENTIFIER = ahmed.elgendy.EssentialAppUITests;
				PRODUCT_NAME = "$(TARGET_NAME)";
				SWIFT_EMIT_LOC_STRINGS = NO;
				SWIFT_VERSION = 5.0;
				TARGETED_DEVICE_FAMILY = "1,2";
				TEST_TARGET_NAME = EssentialApp;
			};
			name = Debug;
		};
		AF152898291FB8CE0078B53C /* Release */ = {
			isa = XCBuildConfiguration;
			buildSettings = {
				ALWAYS_EMBED_SWIFT_STANDARD_LIBRARIES = YES;
				CODE_SIGN_STYLE = Automatic;
				CURRENT_PROJECT_VERSION = 1;
				DEVELOPMENT_TEAM = 4G28F4E9F6;
				GENERATE_INFOPLIST_FILE = YES;
				MARKETING_VERSION = 1.0;
				PRODUCT_BUNDLE_IDENTIFIER = ahmed.elgendy.EssentialAppUITests;
				PRODUCT_NAME = "$(TARGET_NAME)";
				SWIFT_EMIT_LOC_STRINGS = NO;
				SWIFT_VERSION = 5.0;
				TARGETED_DEVICE_FAMILY = "1,2";
				TEST_TARGET_NAME = EssentialApp;
			};
			name = Release;
		};
/* End XCBuildConfiguration section */

/* Begin XCConfigurationList section */
		AF152861291FB8CD0078B53C /* Build configuration list for PBXProject "EssentialApp" */ = {
			isa = XCConfigurationList;
			buildConfigurations = (
				AF15288E291FB8CE0078B53C /* Debug */,
				AF15288F291FB8CE0078B53C /* Release */,
			);
			defaultConfigurationIsVisible = 0;
			defaultConfigurationName = Release;
		};
		AF152890291FB8CE0078B53C /* Build configuration list for PBXNativeTarget "EssentialApp" */ = {
			isa = XCConfigurationList;
			buildConfigurations = (
				AF152891291FB8CE0078B53C /* Debug */,
				AF152892291FB8CE0078B53C /* Release */,
			);
			defaultConfigurationIsVisible = 0;
			defaultConfigurationName = Release;
		};
		AF152893291FB8CE0078B53C /* Build configuration list for PBXNativeTarget "EssentialAppTests" */ = {
			isa = XCConfigurationList;
			buildConfigurations = (
				AF152894291FB8CE0078B53C /* Debug */,
				AF152895291FB8CE0078B53C /* Release */,
			);
			defaultConfigurationIsVisible = 0;
			defaultConfigurationName = Release;
		};
		AF152896291FB8CE0078B53C /* Build configuration list for PBXNativeTarget "EssentialAppUITests" */ = {
			isa = XCConfigurationList;
			buildConfigurations = (
				AF152897291FB8CE0078B53C /* Debug */,
				AF152898291FB8CE0078B53C /* Release */,
			);
			defaultConfigurationIsVisible = 0;
			defaultConfigurationName = Release;
		};
/* End XCConfigurationList section */
	};
	rootObject = AF15285E291FB8CD0078B53C /* Project object */;
}
